PODS:
  - Alamofire (4.7.0)
  - Charts (3.0.5):
    - Charts/Core (= 3.0.5)
  - Charts/Core (3.0.5)
  - SVProgressHUD (2.2.5)
  - SwiftCharts (0.6.1)
  - SwiftyJSON (4.0.0)
  - TextFieldEffects (1.4.0)
  - Toast-Swift (3.0.1)

DEPENDENCIES:
  - Alamofire
  - Charts
  - SVProgressHUD
  - SwiftCharts
  - SwiftyJSON
  - TextFieldEffects
  - Toast-Swift

SPEC CHECKSUMS:
  Alamofire: 907e0a98eb68cdb7f9d1f541a563d6ac5dc77b25
  Charts: 45cdc985b764c838b35ee47eb1365d15735f6d1a
  SVProgressHUD: 1428aafac632c1f86f62aa4243ec12008d7a51d6
  SwiftCharts: 77378d6cf667e95f9c79a745b6778e66eed5339c
  SwiftyJSON: 070dabdcb1beb81b247c65ffa3a79dbbfb3b48aa
  TextFieldEffects: 4ee41b5216e674d55fb6ac25107bf1af7629176f
  Toast-Swift: ba0b01b095aada709d915f9beb1d38184a2721c3

PODFILE CHECKSUM: c00c9378f35d41961b53413d09d4e230f236e76c

COCOAPODS: 1.4.0
