// !$*UTF8*$!
{
	archiveVersion = 1;
	classes = {
	};
	objectVersion = 48;
	objects = {

/* Begin PBXBuildFile section */
		000B55F44A2B844E60585D2C /* Pods_PollApp.framework in Frameworks */ = {isa = PBXBuildFile; fileRef = 1F0C47D2CEB12B1ED984F995 /* Pods_PollApp.framework */; };
		1B47B27820AC1363003223E1 /* ServiceClass.swift in Sources */ = {isa = PBXBuildFile; fileRef = 1B47B27720AC1363003223E1 /* ServiceClass.swift */; };
		1B6DA2D420A9744000A67E8A /* QueSubmition.swift in Sources */ = {isa = PBXBuildFile; fileRef = 1B6DA2D220A9744000A67E8A /* QueSubmition.swift */; };
		1B6DA2D520A9744000A67E8A /* QueSubmition.xib in Resources */ = {isa = PBXBuildFile; fileRef = 1B6DA2D320A9744000A67E8A /* QueSubmition.xib */; };
		1B6DA2E920A9841B00A67E8A /* PASearch.xib in Resources */ = {isa = PBXBuildFile; fileRef = 1B6DA2E820A9841B00A67E8A /* PASearch.xib */; };
		1B6DA2EF20A9928A00A67E8A /* HomeCell.swift in Sources */ = {isa = PBXBuildFile; fileRef = 1B6DA2ED20A9928A00A67E8A /* HomeCell.swift */; };
		1B6DA2F020A9928A00A67E8A /* HomeCell.xib in Resources */ = {isa = PBXBuildFile; fileRef = 1B6DA2EE20A9928A00A67E8A /* HomeCell.xib */; };
		1BB356D220C5139E00247806 /* PACustomSurvay.swift in Sources */ = {isa = PBXBuildFile; fileRef = 1BB356D020C5139E00247806 /* PACustomSurvay.swift */; };
		1BB356D320C5139E00247806 /* PACustomSurvay.xib in Resources */ = {isa = PBXBuildFile; fileRef = 1BB356D120C5139E00247806 /* PACustomSurvay.xib */; };
		1BB356DA20C53BCE00247806 /* SurvayOptionCell.swift in Sources */ = {isa = PBXBuildFile; fileRef = 1BB356D820C53BCE00247806 /* SurvayOptionCell.swift */; };
		1BB356DB20C53BCE00247806 /* SurvayOptionCell.xib in Resources */ = {isa = PBXBuildFile; fileRef = 1BB356D920C53BCE00247806 /* SurvayOptionCell.xib */; };
		1BB356DD20C53CC100247806 /* access.png in Resources */ = {isa = PBXBuildFile; fileRef = 1BB356DC20C53CC000247806 /* access.png */; };
		1BC81B9320B6D0FD00CF7EC7 /* YAxisValueFormatter.swift in Sources */ = {isa = PBXBuildFile; fileRef = 1BC81B9220B6D0FD00CF7EC7 /* YAxisValueFormatter.swift */; };
		1BC81B9A20B6DD0400CF7EC7 /* SettingsCell.swift in Sources */ = {isa = PBXBuildFile; fileRef = 1BC81B9820B6DD0400CF7EC7 /* SettingsCell.swift */; };
		1BC81B9B20B6DD0400CF7EC7 /* SettingsCell.xib in Resources */ = {isa = PBXBuildFile; fileRef = 1BC81B9920B6DD0400CF7EC7 /* SettingsCell.xib */; };
		1BC81B9E20B6DF3200CF7EC7 /* PASettingVC.swift in Sources */ = {isa = PBXBuildFile; fileRef = 1BC81B9C20B6DF3200CF7EC7 /* PASettingVC.swift */; };
		1BC81B9F20B6DF3200CF7EC7 /* PASettingVC.xib in Resources */ = {isa = PBXBuildFile; fileRef = 1BC81B9D20B6DF3200CF7EC7 /* PASettingVC.xib */; };
		2210D81E9B362C45C20D7AA9 /* Pods_PollAppTests.framework in Frameworks */ = {isa = PBXBuildFile; fileRef = 8FB5943D43DBEB5DAAFC19B6 /* Pods_PollAppTests.framework */; };
		3B01AB4B20C6F4C200291522 /* ChatCell.swift in Sources */ = {isa = PBXBuildFile; fileRef = 3B01AB4920C6F4C200291522 /* ChatCell.swift */; };
		3B01AB4C20C6F4C200291522 /* ChatCell.xib in Resources */ = {isa = PBXBuildFile; fileRef = 3B01AB4A20C6F4C200291522 /* ChatCell.xib */; };
		3B01AB4F20C6F7C400291522 /* Profile.swift in Sources */ = {isa = PBXBuildFile; fileRef = 3B01AB4D20C6F7C300291522 /* Profile.swift */; };
		3B01AB5020C6F7C400291522 /* GroupMember.swift in Sources */ = {isa = PBXBuildFile; fileRef = 3B01AB4E20C6F7C400291522 /* GroupMember.swift */; };
		3B1A257020A7FF6B00F054E0 /* AppDelegate.swift in Sources */ = {isa = PBXBuildFile; fileRef = 3B1A256F20A7FF6B00F054E0 /* AppDelegate.swift */; };
		3B1A257720A7FF6B00F054E0 /* Assets.xcassets in Resources */ = {isa = PBXBuildFile; fileRef = 3B1A257620A7FF6B00F054E0 /* Assets.xcassets */; };
		3B1A257A20A7FF6B00F054E0 /* LaunchScreen.storyboard in Resources */ = {isa = PBXBuildFile; fileRef = 3B1A257820A7FF6B00F054E0 /* LaunchScreen.storyboard */; };
		3B1A258520A7FF6B00F054E0 /* PollAppTests.swift in Sources */ = {isa = PBXBuildFile; fileRef = 3B1A258420A7FF6B00F054E0 /* PollAppTests.swift */; };
		3B1A259020A7FF6B00F054E0 /* PollAppUITests.swift in Sources */ = {isa = PBXBuildFile; fileRef = 3B1A258F20A7FF6B00F054E0 /* PollAppUITests.swift */; };
		3B20FBEE20AC8ECD001E4636 /* UIExtentions.swift in Sources */ = {isa = PBXBuildFile; fileRef = 3B20FBED20AC8ECD001E4636 /* UIExtentions.swift */; };
		3B20FBF020AC902F001E4636 /* ECSHelper.swift in Sources */ = {isa = PBXBuildFile; fileRef = 3B20FBEF20AC902F001E4636 /* ECSHelper.swift */; };
		3B20FBF220ACB119001E4636 /* back.png in Resources */ = {isa = PBXBuildFile; fileRef = 3B20FBF120ACB119001E4636 /* back.png */; };
		3B20FBF620ACB982001E4636 /* AppUserObject.m in Sources */ = {isa = PBXBuildFile; fileRef = 3B20FBF420ACB981001E4636 /* AppUserObject.m */; };
		3B20FBF820ACBA46001E4636 /* BaseViewController.swift in Sources */ = {isa = PBXBuildFile; fileRef = 3B20FBF720ACBA46001E4636 /* BaseViewController.swift */; };
		3B24587F20B991BA003E31DC /* identity_yellow@2x.png in Resources */ = {isa = PBXBuildFile; fileRef = 3B24586A20B991B9003E31DC /* identity_yellow@2x.png */; };
		3B24588020B991BA003E31DC /* home_@2x.png in Resources */ = {isa = PBXBuildFile; fileRef = 3B24586B20B991B9003E31DC /* home_@2x.png */; };
		3B24588120B991BA003E31DC /* ic_identity_@2x.png in Resources */ = {isa = PBXBuildFile; fileRef = 3B24586C20B991B9003E31DC /* ic_identity_@2x.png */; };
		3B24588220B991BA003E31DC /* identity_yellow@3x.png in Resources */ = {isa = PBXBuildFile; fileRef = 3B24586D20B991B9003E31DC /* identity_yellow@3x.png */; };
		3B24588320B991BA003E31DC /* identity_yellow@1x.png in Resources */ = {isa = PBXBuildFile; fileRef = 3B24586E20B991B9003E31DC /* identity_yellow@1x.png */; };
		3B24588520B991BA003E31DC /* ic_identity_@1x.png in Resources */ = {isa = PBXBuildFile; fileRef = 3B24587020B991B9003E31DC /* ic_identity_@1x.png */; };
		3B24588620B991BA003E31DC /* ic_identity_@3x.png in Resources */ = {isa = PBXBuildFile; fileRef = 3B24587120B991B9003E31DC /* ic_identity_@3x.png */; };
		3B24588720B991BA003E31DC /* home_@3x.png in Resources */ = {isa = PBXBuildFile; fileRef = 3B24587220B991B9003E31DC /* home_@3x.png */; };
		3B24588820B991BA003E31DC /* home_@1x.png in Resources */ = {isa = PBXBuildFile; fileRef = 3B24587320B991B9003E31DC /* home_@1x.png */; };
		3B24588920B991BA003E31DC /* chat_@2x.png in Resources */ = {isa = PBXBuildFile; fileRef = 3B24587420B991B9003E31DC /* chat_@2x.png */; };
		3B24588A20B991BA003E31DC /* chat_yellow@1x.png in Resources */ = {isa = PBXBuildFile; fileRef = 3B24587520B991B9003E31DC /* chat_yellow@1x.png */; };
		3B24588B20B991BA003E31DC /* chat_yellow@3x.png in Resources */ = {isa = PBXBuildFile; fileRef = 3B24587620B991B9003E31DC /* chat_yellow@3x.png */; };
		3B24588C20B991BA003E31DC /* home_yellow@2x.png in Resources */ = {isa = PBXBuildFile; fileRef = 3B24587720B991B9003E31DC /* home_yellow@2x.png */; };
		3B24588D20B991BA003E31DC /* chat_@1x.png in Resources */ = {isa = PBXBuildFile; fileRef = 3B24587820B991B9003E31DC /* chat_@1x.png */; };
		3B24588E20B991BA003E31DC /* chat_@3x.png in Resources */ = {isa = PBXBuildFile; fileRef = 3B24587920B991B9003E31DC /* chat_@3x.png */; };
		3B24588F20B991BA003E31DC /* home_yellow@1x.png in Resources */ = {isa = PBXBuildFile; fileRef = 3B24587A20B991B9003E31DC /* home_yellow@1x.png */; };
		3B24589020B991BA003E31DC /* home_yellow@3x.png in Resources */ = {isa = PBXBuildFile; fileRef = 3B24587B20B991B9003E31DC /* home_yellow@3x.png */; };
		3B24589120B991BA003E31DC /* chat_yellow@2x.png in Resources */ = {isa = PBXBuildFile; fileRef = 3B24587C20B991B9003E31DC /* chat_yellow@2x.png */; };
		3B24589520B9A3D5003E31DC /* loupewhite.png in Resources */ = {isa = PBXBuildFile; fileRef = 3B24589220B9A3D4003E31DC /* loupewhite.png */; };
		3B24589620B9A3D5003E31DC /* settingsblack.png in Resources */ = {isa = PBXBuildFile; fileRef = 3B24589320B9A3D5003E31DC /* settingsblack.png */; };
		3B24589720B9A3D5003E31DC /* loupeblack.png in Resources */ = {isa = PBXBuildFile; fileRef = 3B24589420B9A3D5003E31DC /* loupeblack.png */; };
		3B24589920B9AAC3003E31DC /* event.png in Resources */ = {isa = PBXBuildFile; fileRef = 3B24589820B9AAC3003E31DC /* event.png */; };
		3B320A5320A8636000E68788 /* PAHomeVC.swift in Sources */ = {isa = PBXBuildFile; fileRef = 3B320A5120A8636000E68788 /* PAHomeVC.swift */; };
		3B320A5420A8636000E68788 /* PAHomeVC.xib in Resources */ = {isa = PBXBuildFile; fileRef = 3B320A5220A8636000E68788 /* PAHomeVC.xib */; };
		3B320A5720A8638200E68788 /* PAChatVC.swift in Sources */ = {isa = PBXBuildFile; fileRef = 3B320A5520A8638200E68788 /* PAChatVC.swift */; };
		3B320A5820A8638200E68788 /* PAChatVC.xib in Resources */ = {isa = PBXBuildFile; fileRef = 3B320A5620A8638200E68788 /* PAChatVC.xib */; };
		3B320A5A20A863CC00E68788 /* PASearch.swift in Sources */ = {isa = PBXBuildFile; fileRef = 3B320A5920A863CC00E68788 /* PASearch.swift */; };
		3B81A67420B5DE6200844703 /* shareBlack.png in Resources */ = {isa = PBXBuildFile; fileRef = 3B81A67320B5DE6200844703 /* shareBlack.png */; };
		3B81A67820B5DEDB00844703 /* viewBlack.png in Resources */ = {isa = PBXBuildFile; fileRef = 3B81A67720B5DEDB00844703 /* viewBlack.png */; };
		3B81A67A20B5DF7800844703 /* homeblack.png in Resources */ = {isa = PBXBuildFile; fileRef = 3B81A67920B5DF7800844703 /* homeblack.png */; };
		3B81A68220B5E16200844703 /* chat.png in Resources */ = {isa = PBXBuildFile; fileRef = 3B81A68120B5E16200844703 /* chat.png */; };
		3B81A6C320B5E8AD00844703 /* SwiftCharts.framework in Frameworks */ = {isa = PBXBuildFile; fileRef = 3B81A6C220B5E8AD00844703 /* SwiftCharts.framework */; };
		3B81A6CC20B5FBFB00844703 /* Contacts.framework in Frameworks */ = {isa = PBXBuildFile; fileRef = 3B81A6CA20B5FBFB00844703 /* Contacts.framework */; };
		3B81A6CD20B5FBFB00844703 /* ContactsUI.framework in Frameworks */ = {isa = PBXBuildFile; fileRef = 3B81A6CB20B5FBFB00844703 /* ContactsUI.framework */; };
		3B81A6CF20B708A800844703 /* LocalText.json in Resources */ = {isa = PBXBuildFile; fileRef = 3B81A6CE20B708A700844703 /* LocalText.json */; };
		3B81A6D220B725A000844703 /* PAContactList.swift in Sources */ = {isa = PBXBuildFile; fileRef = 3B81A6D020B725A000844703 /* PAContactList.swift */; };
		3B81A6D320B725A000844703 /* PAContactList.xib in Resources */ = {isa = PBXBuildFile; fileRef = 3B81A6D120B725A000844703 /* PAContactList.xib */; };
		3B81A6D620B734CF00844703 /* GroupCell.swift in Sources */ = {isa = PBXBuildFile; fileRef = 3B81A6D420B734CF00844703 /* GroupCell.swift */; };
		3B81A6D720B734CF00844703 /* GroupCell.xib in Resources */ = {isa = PBXBuildFile; fileRef = 3B81A6D520B734CF00844703 /* GroupCell.xib */; };
		3B81A6DD20B73F8E00844703 /* collaboration.png in Resources */ = {isa = PBXBuildFile; fileRef = 3B81A6DC20B73F8E00844703 /* collaboration.png */; };
		3BA1389220B34E3700FC8D1A /* ServiceHandler.swift in Sources */ = {isa = PBXBuildFile; fileRef = 3BA1389120B34E3700FC8D1A /* ServiceHandler.swift */; };
		3BA1389E20B3E9CB00FC8D1A /* Option.swift in Sources */ = {isa = PBXBuildFile; fileRef = 3BA1389B20B3E9CB00FC8D1A /* Option.swift */; };
		3BA1389F20B3E9CB00FC8D1A /* QuestionselfSurvey.swift in Sources */ = {isa = PBXBuildFile; fileRef = 3BA1389C20B3E9CB00FC8D1A /* QuestionselfSurvey.swift */; };
		3BA138A020B3E9CB00FC8D1A /* HomeScreenData.swift in Sources */ = {isa = PBXBuildFile; fileRef = 3BA1389D20B3E9CB00FC8D1A /* HomeScreenData.swift */; };
		3BA138A320B4782200FC8D1A /* QuestionCellTableViewCell.swift in Sources */ = {isa = PBXBuildFile; fileRef = 3BA138A120B4782200FC8D1A /* QuestionCellTableViewCell.swift */; };
		3BA138A420B4782200FC8D1A /* QuestionCellTableViewCell.xib in Resources */ = {isa = PBXBuildFile; fileRef = 3BA138A220B4782200FC8D1A /* QuestionCellTableViewCell.xib */; };
		3BA138A820B4979B00FC8D1A /* done-tick.png in Resources */ = {isa = PBXBuildFile; fileRef = 3BA138A720B4979A00FC8D1A /* done-tick.png */; };
		3BC73F7B20C1A2B7001771A1 /* PAEvent.xib in Resources */ = {isa = PBXBuildFile; fileRef = 3BC73F7A20C1A2B7001771A1 /* PAEvent.xib */; };
		3BC73F7D20C1A2C0001771A1 /* PAEvent.swift in Sources */ = {isa = PBXBuildFile; fileRef = 3BC73F7C20C1A2C0001771A1 /* PAEvent.swift */; };
		3BC73F8320C29466001771A1 /* UserImage.jpeg in Resources */ = {isa = PBXBuildFile; fileRef = 3BC73F8220C29466001771A1 /* UserImage.jpeg */; };
		3BC73F8520C297A9001771A1 /* letter-x.png in Resources */ = {isa = PBXBuildFile; fileRef = 3BC73F8420C297A9001771A1 /* letter-x.png */; };
		3BD75AAE20A800F6007FDD57 /* Constant.swift in Sources */ = {isa = PBXBuildFile; fileRef = 3BD75AAD20A800F6007FDD57 /* Constant.swift */; };
		3BD75AB120A80117007FDD57 /* PALogInVC.swift in Sources */ = {isa = PBXBuildFile; fileRef = 3BD75AAF20A80117007FDD57 /* PALogInVC.swift */; };
		3BD75AB220A80117007FDD57 /* PALogInVC.xib in Resources */ = {isa = PBXBuildFile; fileRef = 3BD75AB020A80117007FDD57 /* PALogInVC.xib */; };
		3BD75AB520A80400007FDD57 /* cell.png in Resources */ = {isa = PBXBuildFile; fileRef = 3BD75AB420A80400007FDD57 /* cell.png */; };
		3BD75AB820A81125007FDD57 /* PAOTPVC.swift in Sources */ = {isa = PBXBuildFile; fileRef = 3BD75AB620A81125007FDD57 /* PAOTPVC.swift */; };
		3BD75AB920A81125007FDD57 /* PAOTPVC.xib in Resources */ = {isa = PBXBuildFile; fileRef = 3BD75AB720A81125007FDD57 /* PAOTPVC.xib */; };
		3BD75ABC20A84B4C007FDD57 /* PAProfile.swift in Sources */ = {isa = PBXBuildFile; fileRef = 3BD75ABA20A84B4C007FDD57 /* PAProfile.swift */; };
		3BD75ABD20A84B4C007FDD57 /* PAProfile.xib in Resources */ = {isa = PBXBuildFile; fileRef = 3BD75ABB20A84B4C007FDD57 /* PAProfile.xib */; };
		3BD75ABF20A85C18007FDD57 /* user.png in Resources */ = {isa = PBXBuildFile; fileRef = 3BD75ABE20A85C18007FDD57 /* user.png */; };
		3BD75AC120A85D02007FDD57 /* user (1).png in Resources */ = {isa = PBXBuildFile; fileRef = 3BD75AC020A85D01007FDD57 /* user (1).png */; };
		3BF9482720BAA43700CECBCF /* Question.swift in Sources */ = {isa = PBXBuildFile; fileRef = 3BF9482520BAA43600CECBCF /* Question.swift */; };
		3BF9482820BAA43700CECBCF /* SelfSurvey.swift in Sources */ = {isa = PBXBuildFile; fileRef = 3BF9482620BAA43700CECBCF /* SelfSurvey.swift */; };
		3BF9482B20BAAA2800CECBCF /* ContactList.swift in Sources */ = {isa = PBXBuildFile; fileRef = 3BF9482920BAAA2800CECBCF /* ContactList.swift */; };
		3BF9482C20BAAA2800CECBCF /* ContactListRes.swift in Sources */ = {isa = PBXBuildFile; fileRef = 3BF9482A20BAAA2800CECBCF /* ContactListRes.swift */; };
		3BF9482F20BAEB7D00CECBCF /* BasicBarChart.swift in Sources */ = {isa = PBXBuildFile; fileRef = 3BF9482D20BAEB7D00CECBCF /* BasicBarChart.swift */; };
		3BF9483020BAEB7D00CECBCF /* BarEntry.swift in Sources */ = {isa = PBXBuildFile; fileRef = 3BF9482E20BAEB7D00CECBCF /* BarEntry.swift */; };
		3BF9483320C0532C00CECBCF /* Corporate.swift in Sources */ = {isa = PBXBuildFile; fileRef = 3BF9483120C0532C00CECBCF /* Corporate.swift */; };
		3BF9483420C0532C00CECBCF /* Corporate.xib in Resources */ = {isa = PBXBuildFile; fileRef = 3BF9483220C0532C00CECBCF /* Corporate.xib */; };
		3BFEA8AE20C5A55000A46955 /* PAGroupCreate.swift in Sources */ = {isa = PBXBuildFile; fileRef = 3BFEA8AC20C5A55000A46955 /* PAGroupCreate.swift */; };
		3BFEA8AF20C5A55000A46955 /* PAGroupCreate.xib in Resources */ = {isa = PBXBuildFile; fileRef = 3BFEA8AD20C5A55000A46955 /* PAGroupCreate.xib */; };
		3BFEA8B120C5AFAC00A46955 /* play-symbol.png in Resources */ = {isa = PBXBuildFile; fileRef = 3BFEA8B020C5AFAC00A46955 /* play-symbol.png */; };
		D2770C8FFC53A348DA4D867B /* Pods_PollAppUITests.framework in Frameworks */ = {isa = PBXBuildFile; fileRef = 62BF3394449E501C238C95BA /* Pods_PollAppUITests.framework */; };
/* End PBXBuildFile section */

/* Begin PBXContainerItemProxy section */
		3B1A258120A7FF6B00F054E0 /* PBXContainerItemProxy */ = {
			isa = PBXContainerItemProxy;
			containerPortal = 3B1A256420A7FF6B00F054E0 /* Project object */;
			proxyType = 1;
			remoteGlobalIDString = 3B1A256B20A7FF6B00F054E0;
			remoteInfo = PollApp;
		};
		3B1A258C20A7FF6B00F054E0 /* PBXContainerItemProxy */ = {
			isa = PBXContainerItemProxy;
			containerPortal = 3B1A256420A7FF6B00F054E0 /* Project object */;
			proxyType = 1;
			remoteGlobalIDString = 3B1A256B20A7FF6B00F054E0;
			remoteInfo = PollApp;
		};
/* End PBXContainerItemProxy section */

/* Begin PBXFileReference section */
		1B47B27720AC1363003223E1 /* ServiceClass.swift */ = {isa = PBXFileReference; fileEncoding = 4; lastKnownFileType = sourcecode.swift; path = ServiceClass.swift; sourceTree = "<group>"; };
		1B6DA2D220A9744000A67E8A /* QueSubmition.swift */ = {isa = PBXFileReference; lastKnownFileType = sourcecode.swift; path = QueSubmition.swift; sourceTree = "<group>"; };
		1B6DA2D320A9744000A67E8A /* QueSubmition.xib */ = {isa = PBXFileReference; lastKnownFileType = file.xib; path = QueSubmition.xib; sourceTree = "<group>"; };
		1B6DA2E820A9841B00A67E8A /* PASearch.xib */ = {isa = PBXFileReference; lastKnownFileType = file.xib; path = PASearch.xib; sourceTree = "<group>"; };
		1B6DA2ED20A9928A00A67E8A /* HomeCell.swift */ = {isa = PBXFileReference; lastKnownFileType = sourcecode.swift; path = HomeCell.swift; sourceTree = "<group>"; };
		1B6DA2EE20A9928A00A67E8A /* HomeCell.xib */ = {isa = PBXFileReference; lastKnownFileType = file.xib; path = HomeCell.xib; sourceTree = "<group>"; };
		1BB356D020C5139E00247806 /* PACustomSurvay.swift */ = {isa = PBXFileReference; lastKnownFileType = sourcecode.swift; path = PACustomSurvay.swift; sourceTree = "<group>"; };
		1BB356D120C5139E00247806 /* PACustomSurvay.xib */ = {isa = PBXFileReference; lastKnownFileType = file.xib; path = PACustomSurvay.xib; sourceTree = "<group>"; };
		1BB356D820C53BCE00247806 /* SurvayOptionCell.swift */ = {isa = PBXFileReference; lastKnownFileType = sourcecode.swift; path = SurvayOptionCell.swift; sourceTree = "<group>"; };
		1BB356D920C53BCE00247806 /* SurvayOptionCell.xib */ = {isa = PBXFileReference; lastKnownFileType = file.xib; path = SurvayOptionCell.xib; sourceTree = "<group>"; };
		1BB356DC20C53CC000247806 /* access.png */ = {isa = PBXFileReference; lastKnownFileType = image.png; path = access.png; sourceTree = "<group>"; };
		1BC81B9220B6D0FD00CF7EC7 /* YAxisValueFormatter.swift */ = {isa = PBXFileReference; lastKnownFileType = sourcecode.swift; path = YAxisValueFormatter.swift; sourceTree = "<group>"; };
		1BC81B9820B6DD0400CF7EC7 /* SettingsCell.swift */ = {isa = PBXFileReference; lastKnownFileType = sourcecode.swift; path = SettingsCell.swift; sourceTree = "<group>"; };
		1BC81B9920B6DD0400CF7EC7 /* SettingsCell.xib */ = {isa = PBXFileReference; lastKnownFileType = file.xib; path = SettingsCell.xib; sourceTree = "<group>"; };
		1BC81B9C20B6DF3200CF7EC7 /* PASettingVC.swift */ = {isa = PBXFileReference; lastKnownFileType = sourcecode.swift; path = PASettingVC.swift; sourceTree = "<group>"; };
		1BC81B9D20B6DF3200CF7EC7 /* PASettingVC.xib */ = {isa = PBXFileReference; lastKnownFileType = file.xib; path = PASettingVC.xib; sourceTree = "<group>"; };
		1F0C47D2CEB12B1ED984F995 /* Pods_PollApp.framework */ = {isa = PBXFileReference; explicitFileType = wrapper.framework; includeInIndex = 0; path = Pods_PollApp.framework; sourceTree = BUILT_PRODUCTS_DIR; };
		1FF7CBFEC34B3CB3F177EA5D /* Pods-PollAppTests.release.xcconfig */ = {isa = PBXFileReference; includeInIndex = 1; lastKnownFileType = text.xcconfig; name = "Pods-PollAppTests.release.xcconfig"; path = "Pods/Target Support Files/Pods-PollAppTests/Pods-PollAppTests.release.xcconfig"; sourceTree = "<group>"; };
		3B01AB4920C6F4C200291522 /* ChatCell.swift */ = {isa = PBXFileReference; lastKnownFileType = sourcecode.swift; path = ChatCell.swift; sourceTree = "<group>"; };
		3B01AB4A20C6F4C200291522 /* ChatCell.xib */ = {isa = PBXFileReference; lastKnownFileType = file.xib; path = ChatCell.xib; sourceTree = "<group>"; };
		3B01AB4D20C6F7C300291522 /* Profile.swift */ = {isa = PBXFileReference; fileEncoding = 4; lastKnownFileType = sourcecode.swift; path = Profile.swift; sourceTree = "<group>"; };
		3B01AB4E20C6F7C400291522 /* GroupMember.swift */ = {isa = PBXFileReference; fileEncoding = 4; lastKnownFileType = sourcecode.swift; path = GroupMember.swift; sourceTree = "<group>"; };
		3B1A256C20A7FF6B00F054E0 /* PollApp.app */ = {isa = PBXFileReference; explicitFileType = wrapper.application; includeInIndex = 0; path = PollApp.app; sourceTree = BUILT_PRODUCTS_DIR; };
		3B1A256F20A7FF6B00F054E0 /* AppDelegate.swift */ = {isa = PBXFileReference; lastKnownFileType = sourcecode.swift; path = AppDelegate.swift; sourceTree = "<group>"; };
		3B1A257620A7FF6B00F054E0 /* Assets.xcassets */ = {isa = PBXFileReference; lastKnownFileType = folder.assetcatalog; path = Assets.xcassets; sourceTree = "<group>"; };
		3B1A257920A7FF6B00F054E0 /* Base */ = {isa = PBXFileReference; lastKnownFileType = file.storyboard; name = Base; path = Base.lproj/LaunchScreen.storyboard; sourceTree = "<group>"; };
		3B1A257B20A7FF6B00F054E0 /* Info.plist */ = {isa = PBXFileReference; lastKnownFileType = text.plist.xml; path = Info.plist; sourceTree = "<group>"; };
		3B1A258020A7FF6B00F054E0 /* PollAppTests.xctest */ = {isa = PBXFileReference; explicitFileType = wrapper.cfbundle; includeInIndex = 0; path = PollAppTests.xctest; sourceTree = BUILT_PRODUCTS_DIR; };
		3B1A258420A7FF6B00F054E0 /* PollAppTests.swift */ = {isa = PBXFileReference; lastKnownFileType = sourcecode.swift; path = PollAppTests.swift; sourceTree = "<group>"; };
		3B1A258620A7FF6B00F054E0 /* Info.plist */ = {isa = PBXFileReference; lastKnownFileType = text.plist.xml; path = Info.plist; sourceTree = "<group>"; };
		3B1A258B20A7FF6B00F054E0 /* PollAppUITests.xctest */ = {isa = PBXFileReference; explicitFileType = wrapper.cfbundle; includeInIndex = 0; path = PollAppUITests.xctest; sourceTree = BUILT_PRODUCTS_DIR; };
		3B1A258F20A7FF6B00F054E0 /* PollAppUITests.swift */ = {isa = PBXFileReference; lastKnownFileType = sourcecode.swift; path = PollAppUITests.swift; sourceTree = "<group>"; };
		3B1A259120A7FF6B00F054E0 /* Info.plist */ = {isa = PBXFileReference; lastKnownFileType = text.plist.xml; path = Info.plist; sourceTree = "<group>"; };
		3B20FBED20AC8ECD001E4636 /* UIExtentions.swift */ = {isa = PBXFileReference; fileEncoding = 4; lastKnownFileType = sourcecode.swift; path = UIExtentions.swift; sourceTree = "<group>"; };
		3B20FBEF20AC902F001E4636 /* ECSHelper.swift */ = {isa = PBXFileReference; fileEncoding = 4; lastKnownFileType = sourcecode.swift; path = ECSHelper.swift; sourceTree = "<group>"; };
		3B20FBF120ACB119001E4636 /* back.png */ = {isa = PBXFileReference; lastKnownFileType = image.png; path = back.png; sourceTree = "<group>"; };
		3B20FBF320ACB980001E4636 /* PollApp-Bridging-Header.h */ = {isa = PBXFileReference; lastKnownFileType = sourcecode.c.h; path = "PollApp-Bridging-Header.h"; sourceTree = "<group>"; };
		3B20FBF420ACB981001E4636 /* AppUserObject.m */ = {isa = PBXFileReference; fileEncoding = 4; lastKnownFileType = sourcecode.c.objc; path = AppUserObject.m; sourceTree = "<group>"; };
		3B20FBF520ACB982001E4636 /* AppUserObject.h */ = {isa = PBXFileReference; fileEncoding = 4; lastKnownFileType = sourcecode.c.h; path = AppUserObject.h; sourceTree = "<group>"; };
		3B20FBF720ACBA46001E4636 /* BaseViewController.swift */ = {isa = PBXFileReference; fileEncoding = 4; lastKnownFileType = sourcecode.swift; path = BaseViewController.swift; sourceTree = "<group>"; };
		3B24586A20B991B9003E31DC /* identity_yellow@2x.png */ = {isa = PBXFileReference; lastKnownFileType = image.png; path = "identity_yellow@2x.png"; sourceTree = "<group>"; };
		3B24586B20B991B9003E31DC /* home_@2x.png */ = {isa = PBXFileReference; lastKnownFileType = image.png; path = "home_@2x.png"; sourceTree = "<group>"; };
		3B24586C20B991B9003E31DC /* ic_identity_@2x.png */ = {isa = PBXFileReference; lastKnownFileType = image.png; path = "ic_identity_@2x.png"; sourceTree = "<group>"; };
		3B24586D20B991B9003E31DC /* identity_yellow@3x.png */ = {isa = PBXFileReference; lastKnownFileType = image.png; path = "identity_yellow@3x.png"; sourceTree = "<group>"; };
		3B24586E20B991B9003E31DC /* identity_yellow@1x.png */ = {isa = PBXFileReference; lastKnownFileType = image.png; path = "identity_yellow@1x.png"; sourceTree = "<group>"; };
		3B24587020B991B9003E31DC /* ic_identity_@1x.png */ = {isa = PBXFileReference; lastKnownFileType = image.png; path = "ic_identity_@1x.png"; sourceTree = "<group>"; };
		3B24587120B991B9003E31DC /* ic_identity_@3x.png */ = {isa = PBXFileReference; lastKnownFileType = image.png; path = "ic_identity_@3x.png"; sourceTree = "<group>"; };
		3B24587220B991B9003E31DC /* home_@3x.png */ = {isa = PBXFileReference; lastKnownFileType = image.png; path = "home_@3x.png"; sourceTree = "<group>"; };
		3B24587320B991B9003E31DC /* home_@1x.png */ = {isa = PBXFileReference; lastKnownFileType = image.png; path = "home_@1x.png"; sourceTree = "<group>"; };
		3B24587420B991B9003E31DC /* chat_@2x.png */ = {isa = PBXFileReference; lastKnownFileType = image.png; path = "chat_@2x.png"; sourceTree = "<group>"; };
		3B24587520B991B9003E31DC /* chat_yellow@1x.png */ = {isa = PBXFileReference; lastKnownFileType = image.png; path = "chat_yellow@1x.png"; sourceTree = "<group>"; };
		3B24587620B991B9003E31DC /* chat_yellow@3x.png */ = {isa = PBXFileReference; lastKnownFileType = image.png; path = "chat_yellow@3x.png"; sourceTree = "<group>"; };
		3B24587720B991B9003E31DC /* home_yellow@2x.png */ = {isa = PBXFileReference; lastKnownFileType = image.png; path = "home_yellow@2x.png"; sourceTree = "<group>"; };
		3B24587820B991B9003E31DC /* chat_@1x.png */ = {isa = PBXFileReference; lastKnownFileType = image.png; path = "chat_@1x.png"; sourceTree = "<group>"; };
		3B24587920B991B9003E31DC /* chat_@3x.png */ = {isa = PBXFileReference; lastKnownFileType = image.png; path = "chat_@3x.png"; sourceTree = "<group>"; };
		3B24587A20B991B9003E31DC /* home_yellow@1x.png */ = {isa = PBXFileReference; lastKnownFileType = image.png; path = "home_yellow@1x.png"; sourceTree = "<group>"; };
		3B24587B20B991B9003E31DC /* home_yellow@3x.png */ = {isa = PBXFileReference; lastKnownFileType = image.png; path = "home_yellow@3x.png"; sourceTree = "<group>"; };
		3B24587C20B991B9003E31DC /* chat_yellow@2x.png */ = {isa = PBXFileReference; lastKnownFileType = image.png; path = "chat_yellow@2x.png"; sourceTree = "<group>"; };
		3B24589220B9A3D4003E31DC /* loupewhite.png */ = {isa = PBXFileReference; lastKnownFileType = image.png; path = loupewhite.png; sourceTree = "<group>"; };
		3B24589320B9A3D5003E31DC /* settingsblack.png */ = {isa = PBXFileReference; lastKnownFileType = image.png; path = settingsblack.png; sourceTree = "<group>"; };
		3B24589420B9A3D5003E31DC /* loupeblack.png */ = {isa = PBXFileReference; lastKnownFileType = image.png; path = loupeblack.png; sourceTree = "<group>"; };
		3B24589820B9AAC3003E31DC /* event.png */ = {isa = PBXFileReference; lastKnownFileType = image.png; path = event.png; sourceTree = "<group>"; };
		3B320A5120A8636000E68788 /* PAHomeVC.swift */ = {isa = PBXFileReference; lastKnownFileType = sourcecode.swift; path = PAHomeVC.swift; sourceTree = "<group>"; };
		3B320A5220A8636000E68788 /* PAHomeVC.xib */ = {isa = PBXFileReference; lastKnownFileType = file.xib; path = PAHomeVC.xib; sourceTree = "<group>"; };
		3B320A5520A8638200E68788 /* PAChatVC.swift */ = {isa = PBXFileReference; lastKnownFileType = sourcecode.swift; path = PAChatVC.swift; sourceTree = "<group>"; };
		3B320A5620A8638200E68788 /* PAChatVC.xib */ = {isa = PBXFileReference; lastKnownFileType = file.xib; path = PAChatVC.xib; sourceTree = "<group>"; };
		3B320A5920A863CC00E68788 /* PASearch.swift */ = {isa = PBXFileReference; lastKnownFileType = sourcecode.swift; path = PASearch.swift; sourceTree = "<group>"; };
		3B81A67320B5DE6200844703 /* shareBlack.png */ = {isa = PBXFileReference; lastKnownFileType = image.png; path = shareBlack.png; sourceTree = "<group>"; };
		3B81A67720B5DEDB00844703 /* viewBlack.png */ = {isa = PBXFileReference; lastKnownFileType = image.png; path = viewBlack.png; sourceTree = "<group>"; };
		3B81A67920B5DF7800844703 /* homeblack.png */ = {isa = PBXFileReference; lastKnownFileType = image.png; name = homeblack.png; path = ../../../../Downloads/homeblack.png; sourceTree = "<group>"; };
		3B81A68120B5E16200844703 /* chat.png */ = {isa = PBXFileReference; lastKnownFileType = image.png; name = chat.png; path = ../../../../Downloads/chat.png; sourceTree = "<group>"; };
		3B81A6C220B5E8AD00844703 /* SwiftCharts.framework */ = {isa = PBXFileReference; explicitFileType = wrapper.framework; path = SwiftCharts.framework; sourceTree = BUILT_PRODUCTS_DIR; };
		3B81A6CA20B5FBFB00844703 /* Contacts.framework */ = {isa = PBXFileReference; lastKnownFileType = wrapper.framework; name = Contacts.framework; path = System/Library/Frameworks/Contacts.framework; sourceTree = SDKROOT; };
		3B81A6CB20B5FBFB00844703 /* ContactsUI.framework */ = {isa = PBXFileReference; lastKnownFileType = wrapper.framework; name = ContactsUI.framework; path = System/Library/Frameworks/ContactsUI.framework; sourceTree = SDKROOT; };
		3B81A6CE20B708A700844703 /* LocalText.json */ = {isa = PBXFileReference; fileEncoding = 4; lastKnownFileType = text.json; path = LocalText.json; sourceTree = "<group>"; };
		3B81A6D020B725A000844703 /* PAContactList.swift */ = {isa = PBXFileReference; lastKnownFileType = sourcecode.swift; path = PAContactList.swift; sourceTree = "<group>"; };
		3B81A6D120B725A000844703 /* PAContactList.xib */ = {isa = PBXFileReference; lastKnownFileType = file.xib; path = PAContactList.xib; sourceTree = "<group>"; };
		3B81A6D420B734CF00844703 /* GroupCell.swift */ = {isa = PBXFileReference; lastKnownFileType = sourcecode.swift; path = GroupCell.swift; sourceTree = "<group>"; };
		3B81A6D520B734CF00844703 /* GroupCell.xib */ = {isa = PBXFileReference; lastKnownFileType = file.xib; path = GroupCell.xib; sourceTree = "<group>"; };
		3B81A6DC20B73F8E00844703 /* collaboration.png */ = {isa = PBXFileReference; lastKnownFileType = image.png; path = collaboration.png; sourceTree = "<group>"; };
		3BA1389120B34E3700FC8D1A /* ServiceHandler.swift */ = {isa = PBXFileReference; lastKnownFileType = sourcecode.swift; path = ServiceHandler.swift; sourceTree = "<group>"; };
		3BA1389B20B3E9CB00FC8D1A /* Option.swift */ = {isa = PBXFileReference; fileEncoding = 4; lastKnownFileType = sourcecode.swift; path = Option.swift; sourceTree = "<group>"; };
		3BA1389C20B3E9CB00FC8D1A /* QuestionselfSurvey.swift */ = {isa = PBXFileReference; fileEncoding = 4; lastKnownFileType = sourcecode.swift; path = QuestionselfSurvey.swift; sourceTree = "<group>"; };
		3BA1389D20B3E9CB00FC8D1A /* HomeScreenData.swift */ = {isa = PBXFileReference; fileEncoding = 4; lastKnownFileType = sourcecode.swift; path = HomeScreenData.swift; sourceTree = "<group>"; };
		3BA138A120B4782200FC8D1A /* QuestionCellTableViewCell.swift */ = {isa = PBXFileReference; lastKnownFileType = sourcecode.swift; path = QuestionCellTableViewCell.swift; sourceTree = "<group>"; };
		3BA138A220B4782200FC8D1A /* QuestionCellTableViewCell.xib */ = {isa = PBXFileReference; lastKnownFileType = file.xib; path = QuestionCellTableViewCell.xib; sourceTree = "<group>"; };
		3BA138A720B4979A00FC8D1A /* done-tick.png */ = {isa = PBXFileReference; lastKnownFileType = image.png; path = "done-tick.png"; sourceTree = "<group>"; };
		3BC73F7A20C1A2B7001771A1 /* PAEvent.xib */ = {isa = PBXFileReference; fileEncoding = 4; lastKnownFileType = file.xib; path = PAEvent.xib; sourceTree = "<group>"; };
		3BC73F7C20C1A2C0001771A1 /* PAEvent.swift */ = {isa = PBXFileReference; fileEncoding = 4; lastKnownFileType = sourcecode.swift; path = PAEvent.swift; sourceTree = "<group>"; };
		3BC73F8220C29466001771A1 /* UserImage.jpeg */ = {isa = PBXFileReference; lastKnownFileType = image.jpeg; path = UserImage.jpeg; sourceTree = "<group>"; };
		3BC73F8420C297A9001771A1 /* letter-x.png */ = {isa = PBXFileReference; lastKnownFileType = image.png; path = "letter-x.png"; sourceTree = "<group>"; };
		3BD75AAD20A800F6007FDD57 /* Constant.swift */ = {isa = PBXFileReference; lastKnownFileType = sourcecode.swift; path = Constant.swift; sourceTree = "<group>"; };
		3BD75AAF20A80117007FDD57 /* PALogInVC.swift */ = {isa = PBXFileReference; lastKnownFileType = sourcecode.swift; path = PALogInVC.swift; sourceTree = "<group>"; };
		3BD75AB020A80117007FDD57 /* PALogInVC.xib */ = {isa = PBXFileReference; lastKnownFileType = file.xib; path = PALogInVC.xib; sourceTree = "<group>"; };
		3BD75AB420A80400007FDD57 /* cell.png */ = {isa = PBXFileReference; lastKnownFileType = image.png; path = cell.png; sourceTree = "<group>"; };
		3BD75AB620A81125007FDD57 /* PAOTPVC.swift */ = {isa = PBXFileReference; lastKnownFileType = sourcecode.swift; path = PAOTPVC.swift; sourceTree = "<group>"; };
		3BD75AB720A81125007FDD57 /* PAOTPVC.xib */ = {isa = PBXFileReference; lastKnownFileType = file.xib; path = PAOTPVC.xib; sourceTree = "<group>"; };
		3BD75ABA20A84B4C007FDD57 /* PAProfile.swift */ = {isa = PBXFileReference; lastKnownFileType = sourcecode.swift; path = PAProfile.swift; sourceTree = "<group>"; };
		3BD75ABB20A84B4C007FDD57 /* PAProfile.xib */ = {isa = PBXFileReference; lastKnownFileType = file.xib; path = PAProfile.xib; sourceTree = "<group>"; };
		3BD75ABE20A85C18007FDD57 /* user.png */ = {isa = PBXFileReference; lastKnownFileType = image.png; path = user.png; sourceTree = "<group>"; };
		3BD75AC020A85D01007FDD57 /* user (1).png */ = {isa = PBXFileReference; lastKnownFileType = image.png; path = "user (1).png"; sourceTree = "<group>"; };
		3BF9482520BAA43600CECBCF /* Question.swift */ = {isa = PBXFileReference; fileEncoding = 4; lastKnownFileType = sourcecode.swift; path = Question.swift; sourceTree = "<group>"; };
		3BF9482620BAA43700CECBCF /* SelfSurvey.swift */ = {isa = PBXFileReference; fileEncoding = 4; lastKnownFileType = sourcecode.swift; path = SelfSurvey.swift; sourceTree = "<group>"; };
		3BF9482920BAAA2800CECBCF /* ContactList.swift */ = {isa = PBXFileReference; fileEncoding = 4; lastKnownFileType = sourcecode.swift; path = ContactList.swift; sourceTree = "<group>"; };
		3BF9482A20BAAA2800CECBCF /* ContactListRes.swift */ = {isa = PBXFileReference; fileEncoding = 4; lastKnownFileType = sourcecode.swift; path = ContactListRes.swift; sourceTree = "<group>"; };
		3BF9482D20BAEB7D00CECBCF /* BasicBarChart.swift */ = {isa = PBXFileReference; fileEncoding = 4; lastKnownFileType = sourcecode.swift; path = BasicBarChart.swift; sourceTree = "<group>"; };
		3BF9482E20BAEB7D00CECBCF /* BarEntry.swift */ = {isa = PBXFileReference; fileEncoding = 4; lastKnownFileType = sourcecode.swift; path = BarEntry.swift; sourceTree = "<group>"; };
		3BF9483120C0532C00CECBCF /* Corporate.swift */ = {isa = PBXFileReference; lastKnownFileType = sourcecode.swift; path = Corporate.swift; sourceTree = "<group>"; };
		3BF9483220C0532C00CECBCF /* Corporate.xib */ = {isa = PBXFileReference; lastKnownFileType = file.xib; path = Corporate.xib; sourceTree = "<group>"; };
		3BFEA8AC20C5A55000A46955 /* PAGroupCreate.swift */ = {isa = PBXFileReference; lastKnownFileType = sourcecode.swift; path = PAGroupCreate.swift; sourceTree = "<group>"; };
		3BFEA8AD20C5A55000A46955 /* PAGroupCreate.xib */ = {isa = PBXFileReference; lastKnownFileType = file.xib; path = PAGroupCreate.xib; sourceTree = "<group>"; };
		3BFEA8B020C5AFAC00A46955 /* play-symbol.png */ = {isa = PBXFileReference; lastKnownFileType = image.png; path = "play-symbol.png"; sourceTree = "<group>"; };
		62451A328C0185658CB34567 /* Pods-PollApp.debug.xcconfig */ = {isa = PBXFileReference; includeInIndex = 1; lastKnownFileType = text.xcconfig; name = "Pods-PollApp.debug.xcconfig"; path = "Pods/Target Support Files/Pods-PollApp/Pods-PollApp.debug.xcconfig"; sourceTree = "<group>"; };
		62BF3394449E501C238C95BA /* Pods_PollAppUITests.framework */ = {isa = PBXFileReference; explicitFileType = wrapper.framework; includeInIndex = 0; path = Pods_PollAppUITests.framework; sourceTree = BUILT_PRODUCTS_DIR; };
		8FB5943D43DBEB5DAAFC19B6 /* Pods_PollAppTests.framework */ = {isa = PBXFileReference; explicitFileType = wrapper.framework; includeInIndex = 0; path = Pods_PollAppTests.framework; sourceTree = BUILT_PRODUCTS_DIR; };
		CBED5823040A583321327594 /* Pods-PollAppUITests.release.xcconfig */ = {isa = PBXFileReference; includeInIndex = 1; lastKnownFileType = text.xcconfig; name = "Pods-PollAppUITests.release.xcconfig"; path = "Pods/Target Support Files/Pods-PollAppUITests/Pods-PollAppUITests.release.xcconfig"; sourceTree = "<group>"; };
		D4E7635BF7CEC1CCD9C92A28 /* Pods-PollApp.release.xcconfig */ = {isa = PBXFileReference; includeInIndex = 1; lastKnownFileType = text.xcconfig; name = "Pods-PollApp.release.xcconfig"; path = "Pods/Target Support Files/Pods-PollApp/Pods-PollApp.release.xcconfig"; sourceTree = "<group>"; };
		E813000E194CD3D2D872B80F /* Pods-PollAppTests.debug.xcconfig */ = {isa = PBXFileReference; includeInIndex = 1; lastKnownFileType = text.xcconfig; name = "Pods-PollAppTests.debug.xcconfig"; path = "Pods/Target Support Files/Pods-PollAppTests/Pods-PollAppTests.debug.xcconfig"; sourceTree = "<group>"; };
		F587A97F671FB6362B16CD7A /* Pods-PollAppUITests.debug.xcconfig */ = {isa = PBXFileReference; includeInIndex = 1; lastKnownFileType = text.xcconfig; name = "Pods-PollAppUITests.debug.xcconfig"; path = "Pods/Target Support Files/Pods-PollAppUITests/Pods-PollAppUITests.debug.xcconfig"; sourceTree = "<group>"; };
/* End PBXFileReference section */

/* Begin PBXFrameworksBuildPhase section */
		3B1A256920A7FF6B00F054E0 /* Frameworks */ = {
			isa = PBXFrameworksBuildPhase;
			buildActionMask = 2147483647;
			files = (
				3B81A6CC20B5FBFB00844703 /* Contacts.framework in Frameworks */,
				3B81A6CD20B5FBFB00844703 /* ContactsUI.framework in Frameworks */,
				3B81A6C320B5E8AD00844703 /* SwiftCharts.framework in Frameworks */,
				000B55F44A2B844E60585D2C /* Pods_PollApp.framework in Frameworks */,
			);
			runOnlyForDeploymentPostprocessing = 0;
		};
		3B1A257D20A7FF6B00F054E0 /* Frameworks */ = {
			isa = PBXFrameworksBuildPhase;
			buildActionMask = 2147483647;
			files = (
				2210D81E9B362C45C20D7AA9 /* Pods_PollAppTests.framework in Frameworks */,
			);
			runOnlyForDeploymentPostprocessing = 0;
		};
		3B1A258820A7FF6B00F054E0 /* Frameworks */ = {
			isa = PBXFrameworksBuildPhase;
			buildActionMask = 2147483647;
			files = (
				D2770C8FFC53A348DA4D867B /* Pods_PollAppUITests.framework in Frameworks */,
			);
			runOnlyForDeploymentPostprocessing = 0;
		};
/* End PBXFrameworksBuildPhase section */

/* Begin PBXGroup section */
		1B47B27620AC1303003223E1 /* Helper */ = {
			isa = PBXGroup;
			children = (
				3BF9482E20BAEB7D00CECBCF /* BarEntry.swift */,
				3BF9482D20BAEB7D00CECBCF /* BasicBarChart.swift */,
				3B81A6CE20B708A700844703 /* LocalText.json */,
				3B20FBF720ACBA46001E4636 /* BaseViewController.swift */,
				3B20FBF520ACB982001E4636 /* AppUserObject.h */,
				3B20FBF420ACB981001E4636 /* AppUserObject.m */,
				3B20FBEF20AC902F001E4636 /* ECSHelper.swift */,
				3B20FBED20AC8ECD001E4636 /* UIExtentions.swift */,
				1B47B27720AC1363003223E1 /* ServiceClass.swift */,
				3B20FBF320ACB980001E4636 /* PollApp-Bridging-Header.h */,
			);
			path = Helper;
			sourceTree = "<group>";
		};
		1B6DA2EA20A98DAF00A67E8A /* View */ = {
			isa = PBXGroup;
			children = (
				3BC73F7A20C1A2B7001771A1 /* PAEvent.xib */,
				1B6DA2E820A9841B00A67E8A /* PASearch.xib */,
				1B6DA2D320A9744000A67E8A /* QueSubmition.xib */,
				3B320A5620A8638200E68788 /* PAChatVC.xib */,
				3BD75ABB20A84B4C007FDD57 /* PAProfile.xib */,
				3BD75AB720A81125007FDD57 /* PAOTPVC.xib */,
				3B320A5220A8636000E68788 /* PAHomeVC.xib */,
				1BC81B9D20B6DF3200CF7EC7 /* PASettingVC.xib */,
				3B81A6D120B725A000844703 /* PAContactList.xib */,
				3BF9483220C0532C00CECBCF /* Corporate.xib */,
				3BD75AB020A80117007FDD57 /* PALogInVC.xib */,
				1BB356D120C5139E00247806 /* PACustomSurvay.xib */,
				3BFEA8AD20C5A55000A46955 /* PAGroupCreate.xib */,
			);
			path = View;
			sourceTree = "<group>";
		};
		1B6DA2EB20A9922100A67E8A /* Controller */ = {
			isa = PBXGroup;
			children = (
				3BD75AB620A81125007FDD57 /* PAOTPVC.swift */,
				3BD75AAF20A80117007FDD57 /* PALogInVC.swift */,
				3B320A5920A863CC00E68788 /* PASearch.swift */,
				1B6DA2D220A9744000A67E8A /* QueSubmition.swift */,
				1BC81B9C20B6DF3200CF7EC7 /* PASettingVC.swift */,
				3B320A5520A8638200E68788 /* PAChatVC.swift */,
				3B320A5120A8636000E68788 /* PAHomeVC.swift */,
				3BD75ABA20A84B4C007FDD57 /* PAProfile.swift */,
				3BF9483120C0532C00CECBCF /* Corporate.swift */,
				3BC73F7C20C1A2C0001771A1 /* PAEvent.swift */,
				3B81A6D020B725A000844703 /* PAContactList.swift */,
				3BFEA8AC20C5A55000A46955 /* PAGroupCreate.swift */,
				1BB356D020C5139E00247806 /* PACustomSurvay.swift */,
			);
			path = Controller;
			sourceTree = "<group>";
		};
		1B6DA2EC20A9926100A67E8A /* Cell */ = {
			isa = PBXGroup;
			children = (
				1B6DA2ED20A9928A00A67E8A /* HomeCell.swift */,
				3B81A6D420B734CF00844703 /* GroupCell.swift */,
				3B81A6D520B734CF00844703 /* GroupCell.xib */,
				1BC81B9820B6DD0400CF7EC7 /* SettingsCell.swift */,
				1BC81B9920B6DD0400CF7EC7 /* SettingsCell.xib */,
				1BC81B9220B6D0FD00CF7EC7 /* YAxisValueFormatter.swift */,
				1B6DA2EE20A9928A00A67E8A /* HomeCell.xib */,
				3BA138A120B4782200FC8D1A /* QuestionCellTableViewCell.swift */,
				1BB356D820C53BCE00247806 /* SurvayOptionCell.swift */,
				1BB356D920C53BCE00247806 /* SurvayOptionCell.xib */,
				3BA138A220B4782200FC8D1A /* QuestionCellTableViewCell.xib */,
				3B01AB4920C6F4C200291522 /* ChatCell.swift */,
				3B01AB4A20C6F4C200291522 /* ChatCell.xib */,
			);
			path = Cell;
			sourceTree = "<group>";
		};
		3B1A256320A7FF6A00F054E0 = {
			isa = PBXGroup;
			children = (
				3B1A256E20A7FF6B00F054E0 /* PollApp */,
				3BD75AB320A803E5007FDD57 /* Images */,
				3B1A258320A7FF6B00F054E0 /* PollAppTests */,
				3B1A258E20A7FF6B00F054E0 /* PollAppUITests */,
				3B1A256D20A7FF6B00F054E0 /* Products */,
				C8BAE2A711F5A8E82FB71EB6 /* Pods */,
				BE6D1E48732B227D84D5B7E4 /* Frameworks */,
			);
			sourceTree = "<group>";
		};
		3B1A256D20A7FF6B00F054E0 /* Products */ = {
			isa = PBXGroup;
			children = (
				3B1A256C20A7FF6B00F054E0 /* PollApp.app */,
				3B1A258020A7FF6B00F054E0 /* PollAppTests.xctest */,
				3B1A258B20A7FF6B00F054E0 /* PollAppUITests.xctest */,
			);
			name = Products;
			sourceTree = "<group>";
		};
		3B1A256E20A7FF6B00F054E0 /* PollApp */ = {
			isa = PBXGroup;
			children = (
				3B1A256F20A7FF6B00F054E0 /* AppDelegate.swift */,
				3B1A257620A7FF6B00F054E0 /* Assets.xcassets */,
				3B1A257820A7FF6B00F054E0 /* LaunchScreen.storyboard */,
				3B1A257B20A7FF6B00F054E0 /* Info.plist */,
				3BD75AAD20A800F6007FDD57 /* Constant.swift */,
				3BA1389420B352E800FC8D1A /* Model */,
				3BA1389320B34E4300FC8D1A /* ViewModel */,
				1B47B27620AC1303003223E1 /* Helper */,
				1B6DA2EC20A9926100A67E8A /* Cell */,
				1B6DA2EA20A98DAF00A67E8A /* View */,
				1B6DA2EB20A9922100A67E8A /* Controller */,
			);
			path = PollApp;
			sourceTree = "<group>";
		};
		3B1A258320A7FF6B00F054E0 /* PollAppTests */ = {
			isa = PBXGroup;
			children = (
				3B1A258420A7FF6B00F054E0 /* PollAppTests.swift */,
				3B1A258620A7FF6B00F054E0 /* Info.plist */,
			);
			path = PollAppTests;
			sourceTree = "<group>";
		};
		3B1A258E20A7FF6B00F054E0 /* PollAppUITests */ = {
			isa = PBXGroup;
			children = (
				3B1A258F20A7FF6B00F054E0 /* PollAppUITests.swift */,
				3B1A259120A7FF6B00F054E0 /* Info.plist */,
			);
			path = PollAppUITests;
			sourceTree = "<group>";
		};
		3B24586720B991B9003E31DC /* icons */ = {
			isa = PBXGroup;
			children = (
				3B24586A20B991B9003E31DC /* identity_yellow@2x.png */,
				3B24586B20B991B9003E31DC /* home_@2x.png */,
				3B24586C20B991B9003E31DC /* ic_identity_@2x.png */,
				3B24586D20B991B9003E31DC /* identity_yellow@3x.png */,
				3B24586E20B991B9003E31DC /* identity_yellow@1x.png */,
				3B24587020B991B9003E31DC /* ic_identity_@1x.png */,
				3B24587120B991B9003E31DC /* ic_identity_@3x.png */,
				3B24587220B991B9003E31DC /* home_@3x.png */,
				3B24587320B991B9003E31DC /* home_@1x.png */,
				3B24587420B991B9003E31DC /* chat_@2x.png */,
				3B24587520B991B9003E31DC /* chat_yellow@1x.png */,
				3B24587620B991B9003E31DC /* chat_yellow@3x.png */,
				3B24587720B991B9003E31DC /* home_yellow@2x.png */,
				3B24587820B991B9003E31DC /* chat_@1x.png */,
				3B24587920B991B9003E31DC /* chat_@3x.png */,
				3B24587A20B991B9003E31DC /* home_yellow@1x.png */,
				3B24587B20B991B9003E31DC /* home_yellow@3x.png */,
				3B24587C20B991B9003E31DC /* chat_yellow@2x.png */,
			);
			path = icons;
			sourceTree = "<group>";
		};
		3BA1389320B34E4300FC8D1A /* ViewModel */ = {
			isa = PBXGroup;
			children = (
				3BA1389120B34E3700FC8D1A /* ServiceHandler.swift */,
			);
			path = ViewModel;
			sourceTree = "<group>";
		};
		3BA1389420B352E800FC8D1A /* Model */ = {
			isa = PBXGroup;
			children = (
				3B01AB4E20C6F7C400291522 /* GroupMember.swift */,
				3B01AB4D20C6F7C300291522 /* Profile.swift */,
				3BF9482920BAAA2800CECBCF /* ContactList.swift */,
				3BF9482A20BAAA2800CECBCF /* ContactListRes.swift */,
				3BF9482520BAA43600CECBCF /* Question.swift */,
				3BF9482620BAA43700CECBCF /* SelfSurvey.swift */,
				3BA1389D20B3E9CB00FC8D1A /* HomeScreenData.swift */,
				3BA1389B20B3E9CB00FC8D1A /* Option.swift */,
				3BA1389C20B3E9CB00FC8D1A /* QuestionselfSurvey.swift */,
			);
			path = Model;
			sourceTree = "<group>";
		};
		3BD75AB320A803E5007FDD57 /* Images */ = {
			isa = PBXGroup;
			children = (
				3BFEA8B020C5AFAC00A46955 /* play-symbol.png */,
				1BB356DC20C53CC000247806 /* access.png */,
				3BC73F8420C297A9001771A1 /* letter-x.png */,
				3BC73F8220C29466001771A1 /* UserImage.jpeg */,
				3B24589820B9AAC3003E31DC /* event.png */,
				3B24589420B9A3D5003E31DC /* loupeblack.png */,
				3B24589220B9A3D4003E31DC /* loupewhite.png */,
				3B24589320B9A3D5003E31DC /* settingsblack.png */,
				3B24586720B991B9003E31DC /* icons */,
				3B81A6DC20B73F8E00844703 /* collaboration.png */,
				3B81A67720B5DEDB00844703 /* viewBlack.png */,
				3B81A67920B5DF7800844703 /* homeblack.png */,
				3B81A67320B5DE6200844703 /* shareBlack.png */,
				3B81A68120B5E16200844703 /* chat.png */,
				3BA138A720B4979A00FC8D1A /* done-tick.png */,
				3B20FBF120ACB119001E4636 /* back.png */,
				3BD75AC020A85D01007FDD57 /* user (1).png */,
				3BD75ABE20A85C18007FDD57 /* user.png */,
				3BD75AB420A80400007FDD57 /* cell.png */,
			);
			name = Images;
			path = PollApp/Images;
			sourceTree = "<group>";
		};
		BE6D1E48732B227D84D5B7E4 /* Frameworks */ = {
			isa = PBXGroup;
			children = (
				3B81A6CA20B5FBFB00844703 /* Contacts.framework */,
				3B81A6CB20B5FBFB00844703 /* ContactsUI.framework */,
				3B81A6C220B5E8AD00844703 /* SwiftCharts.framework */,
				1F0C47D2CEB12B1ED984F995 /* Pods_PollApp.framework */,
				8FB5943D43DBEB5DAAFC19B6 /* Pods_PollAppTests.framework */,
				62BF3394449E501C238C95BA /* Pods_PollAppUITests.framework */,
			);
			name = Frameworks;
			sourceTree = "<group>";
		};
		C8BAE2A711F5A8E82FB71EB6 /* Pods */ = {
			isa = PBXGroup;
			children = (
				62451A328C0185658CB34567 /* Pods-PollApp.debug.xcconfig */,
				D4E7635BF7CEC1CCD9C92A28 /* Pods-PollApp.release.xcconfig */,
				E813000E194CD3D2D872B80F /* Pods-PollAppTests.debug.xcconfig */,
				1FF7CBFEC34B3CB3F177EA5D /* Pods-PollAppTests.release.xcconfig */,
				F587A97F671FB6362B16CD7A /* Pods-PollAppUITests.debug.xcconfig */,
				CBED5823040A583321327594 /* Pods-PollAppUITests.release.xcconfig */,
			);
			name = Pods;
			sourceTree = "<group>";
		};
/* End PBXGroup section */

/* Begin PBXNativeTarget section */
		3B1A256B20A7FF6B00F054E0 /* PollApp */ = {
			isa = PBXNativeTarget;
			buildConfigurationList = 3B1A259420A7FF6B00F054E0 /* Build configuration list for PBXNativeTarget "PollApp" */;
			buildPhases = (
				9C0709ADABB184E99F2FF83B /* [CP] Check Pods Manifest.lock */,
				3B1A256820A7FF6B00F054E0 /* Sources */,
				3B1A256920A7FF6B00F054E0 /* Frameworks */,
				3B1A256A20A7FF6B00F054E0 /* Resources */,
				F919C08FCD4DCB724FFF9C94 /* [CP] Embed Pods Frameworks */,
				A0D0484989DFACE5901F6E89 /* [CP] Copy Pods Resources */,
			);
			buildRules = (
			);
			dependencies = (
			);
			name = PollApp;
			productName = PollApp;
			productReference = 3B1A256C20A7FF6B00F054E0 /* PollApp.app */;
			productType = "com.apple.product-type.application";
		};
		3B1A257F20A7FF6B00F054E0 /* PollAppTests */ = {
			isa = PBXNativeTarget;
			buildConfigurationList = 3B1A259720A7FF6B00F054E0 /* Build configuration list for PBXNativeTarget "PollAppTests" */;
			buildPhases = (
				5CE5B945CF502F8564AE27EA /* [CP] Check Pods Manifest.lock */,
				3B1A257C20A7FF6B00F054E0 /* Sources */,
				3B1A257D20A7FF6B00F054E0 /* Frameworks */,
				3B1A257E20A7FF6B00F054E0 /* Resources */,
				281698E0AEE0F821DB038B7D /* [CP] Embed Pods Frameworks */,
				D56004A0A4902D842CDD9125 /* [CP] Copy Pods Resources */,
			);
			buildRules = (
			);
			dependencies = (
				3B1A258220A7FF6B00F054E0 /* PBXTargetDependency */,
			);
			name = PollAppTests;
			productName = PollAppTests;
			productReference = 3B1A258020A7FF6B00F054E0 /* PollAppTests.xctest */;
			productType = "com.apple.product-type.bundle.unit-test";
		};
		3B1A258A20A7FF6B00F054E0 /* PollAppUITests */ = {
			isa = PBXNativeTarget;
			buildConfigurationList = 3B1A259A20A7FF6B00F054E0 /* Build configuration list for PBXNativeTarget "PollAppUITests" */;
			buildPhases = (
				D67E4BCFBB8EDF250EE1E3D1 /* [CP] Check Pods Manifest.lock */,
				3B1A258720A7FF6B00F054E0 /* Sources */,
				3B1A258820A7FF6B00F054E0 /* Frameworks */,
				3B1A258920A7FF6B00F054E0 /* Resources */,
				994916D909CCCFC0CC3879EF /* [CP] Embed Pods Frameworks */,
				BD511BEAD80EAB5858BF02F3 /* [CP] Copy Pods Resources */,
			);
			buildRules = (
			);
			dependencies = (
				3B1A258D20A7FF6B00F054E0 /* PBXTargetDependency */,
			);
			name = PollAppUITests;
			productName = PollAppUITests;
			productReference = 3B1A258B20A7FF6B00F054E0 /* PollAppUITests.xctest */;
			productType = "com.apple.product-type.bundle.ui-testing";
		};
/* End PBXNativeTarget section */

/* Begin PBXProject section */
		3B1A256420A7FF6B00F054E0 /* Project object */ = {
			isa = PBXProject;
			attributes = {
				LastSwiftUpdateCheck = 0920;
				LastUpgradeCheck = 0920;
				ORGANIZATIONNAME = Ankleshwar;
				TargetAttributes = {
					3B1A256B20A7FF6B00F054E0 = {
						CreatedOnToolsVersion = 9.2;
						LastSwiftMigration = 0920;
						ProvisioningStyle = Automatic;
					};
					3B1A257F20A7FF6B00F054E0 = {
						CreatedOnToolsVersion = 9.2;
						ProvisioningStyle = Automatic;
						TestTargetID = 3B1A256B20A7FF6B00F054E0;
					};
					3B1A258A20A7FF6B00F054E0 = {
						CreatedOnToolsVersion = 9.2;
						ProvisioningStyle = Automatic;
						TestTargetID = 3B1A256B20A7FF6B00F054E0;
					};
				};
			};
			buildConfigurationList = 3B1A256720A7FF6B00F054E0 /* Build configuration list for PBXProject "PollApp" */;
			compatibilityVersion = "Xcode 8.0";
			developmentRegion = en;
			hasScannedForEncodings = 0;
			knownRegions = (
				en,
				Base,
			);
			mainGroup = 3B1A256320A7FF6A00F054E0;
			productRefGroup = 3B1A256D20A7FF6B00F054E0 /* Products */;
			projectDirPath = "";
			projectRoot = "";
			targets = (
				3B1A256B20A7FF6B00F054E0 /* PollApp */,
				3B1A257F20A7FF6B00F054E0 /* PollAppTests */,
				3B1A258A20A7FF6B00F054E0 /* PollAppUITests */,
			);
		};
/* End PBXProject section */

/* Begin PBXResourcesBuildPhase section */
		3B1A256A20A7FF6B00F054E0 /* Resources */ = {
			isa = PBXResourcesBuildPhase;
			buildActionMask = 2147483647;
			files = (
				3B24588A20B991BA003E31DC /* chat_yellow@1x.png in Resources */,
				3BA138A420B4782200FC8D1A /* QuestionCellTableViewCell.xib in Resources */,
				1BB356D320C5139E00247806 /* PACustomSurvay.xib in Resources */,
				3B24589620B9A3D5003E31DC /* settingsblack.png in Resources */,
				3BFEA8B120C5AFAC00A46955 /* play-symbol.png in Resources */,
				3B320A5420A8636000E68788 /* PAHomeVC.xib in Resources */,
				3BC73F8520C297A9001771A1 /* letter-x.png in Resources */,
				3B24589520B9A3D5003E31DC /* loupewhite.png in Resources */,
				3B81A67420B5DE6200844703 /* shareBlack.png in Resources */,
				3BD75AC120A85D02007FDD57 /* user (1).png in Resources */,
				3B24588020B991BA003E31DC /* home_@2x.png in Resources */,
				1BB356DB20C53BCE00247806 /* SurvayOptionCell.xib in Resources */,
				3B24588520B991BA003E31DC /* ic_identity_@1x.png in Resources */,
				3BFEA8AF20C5A55000A46955 /* PAGroupCreate.xib in Resources */,
				3B81A6DD20B73F8E00844703 /* collaboration.png in Resources */,
				3BD75AB920A81125007FDD57 /* PAOTPVC.xib in Resources */,
				3B24588C20B991BA003E31DC /* home_yellow@2x.png in Resources */,
				3B20FBF220ACB119001E4636 /* back.png in Resources */,
				3B81A67820B5DEDB00844703 /* viewBlack.png in Resources */,
				3B01AB4C20C6F4C200291522 /* ChatCell.xib in Resources */,
				3B81A67A20B5DF7800844703 /* homeblack.png in Resources */,
				1BC81B9B20B6DD0400CF7EC7 /* SettingsCell.xib in Resources */,
				3B320A5820A8638200E68788 /* PAChatVC.xib in Resources */,
				3B24588220B991BA003E31DC /* identity_yellow@3x.png in Resources */,
				3B24589120B991BA003E31DC /* chat_yellow@2x.png in Resources */,
				3B1A257A20A7FF6B00F054E0 /* LaunchScreen.storyboard in Resources */,
				3BD75ABD20A84B4C007FDD57 /* PAProfile.xib in Resources */,
				3BC73F7B20C1A2B7001771A1 /* PAEvent.xib in Resources */,
				3BD75AB220A80117007FDD57 /* PALogInVC.xib in Resources */,
				3B24588920B991BA003E31DC /* chat_@2x.png in Resources */,
				3B24589020B991BA003E31DC /* home_yellow@3x.png in Resources */,
				3B24588720B991BA003E31DC /* home_@3x.png in Resources */,
				1B6DA2E920A9841B00A67E8A /* PASearch.xib in Resources */,
				3B81A6D720B734CF00844703 /* GroupCell.xib in Resources */,
				3BD75ABF20A85C18007FDD57 /* user.png in Resources */,
				3BF9483420C0532C00CECBCF /* Corporate.xib in Resources */,
				3B1A257720A7FF6B00F054E0 /* Assets.xcassets in Resources */,
				3B81A6CF20B708A800844703 /* LocalText.json in Resources */,
				3B24588B20B991BA003E31DC /* chat_yellow@3x.png in Resources */,
				3B24588320B991BA003E31DC /* identity_yellow@1x.png in Resources */,
				3B24588820B991BA003E31DC /* home_@1x.png in Resources */,
				3B24589720B9A3D5003E31DC /* loupeblack.png in Resources */,
				3B24588E20B991BA003E31DC /* chat_@3x.png in Resources */,
				3BC73F8320C29466001771A1 /* UserImage.jpeg in Resources */,
				1B6DA2D520A9744000A67E8A /* QueSubmition.xib in Resources */,
				3B24588620B991BA003E31DC /* ic_identity_@3x.png in Resources */,
				3B81A68220B5E16200844703 /* chat.png in Resources */,
				3B24588F20B991BA003E31DC /* home_yellow@1x.png in Resources */,
				1BC81B9F20B6DF3200CF7EC7 /* PASettingVC.xib in Resources */,
				3B24587F20B991BA003E31DC /* identity_yellow@2x.png in Resources */,
				3BA138A820B4979B00FC8D1A /* done-tick.png in Resources */,
				3B24588120B991BA003E31DC /* ic_identity_@2x.png in Resources */,
				3B24588D20B991BA003E31DC /* chat_@1x.png in Resources */,
				3B81A6D320B725A000844703 /* PAContactList.xib in Resources */,
				3BD75AB520A80400007FDD57 /* cell.png in Resources */,
				3B24589920B9AAC3003E31DC /* event.png in Resources */,
				1B6DA2F020A9928A00A67E8A /* HomeCell.xib in Resources */,
				1BB356DD20C53CC100247806 /* access.png in Resources */,
			);
			runOnlyForDeploymentPostprocessing = 0;
		};
		3B1A257E20A7FF6B00F054E0 /* Resources */ = {
			isa = PBXResourcesBuildPhase;
			buildActionMask = 2147483647;
			files = (
			);
			runOnlyForDeploymentPostprocessing = 0;
		};
		3B1A258920A7FF6B00F054E0 /* Resources */ = {
			isa = PBXResourcesBuildPhase;
			buildActionMask = 2147483647;
			files = (
			);
			runOnlyForDeploymentPostprocessing = 0;
		};
/* End PBXResourcesBuildPhase section */

/* Begin PBXShellScriptBuildPhase section */
		281698E0AEE0F821DB038B7D /* [CP] Embed Pods Frameworks */ = {
			isa = PBXShellScriptBuildPhase;
			buildActionMask = 2147483647;
			files = (
			);
			inputPaths = (
			);
			name = "[CP] Embed Pods Frameworks";
			outputPaths = (
			);
			runOnlyForDeploymentPostprocessing = 0;
			shellPath = /bin/sh;
			shellScript = "\"${SRCROOT}/Pods/Target Support Files/Pods-PollAppTests/Pods-PollAppTests-frameworks.sh\"\n";
			showEnvVarsInLog = 0;
		};
		5CE5B945CF502F8564AE27EA /* [CP] Check Pods Manifest.lock */ = {
			isa = PBXShellScriptBuildPhase;
			buildActionMask = 2147483647;
			files = (
			);
			inputPaths = (
				"${PODS_PODFILE_DIR_PATH}/Podfile.lock",
				"${PODS_ROOT}/Manifest.lock",
			);
			name = "[CP] Check Pods Manifest.lock";
			outputPaths = (
				"$(DERIVED_FILE_DIR)/Pods-PollAppTests-checkManifestLockResult.txt",
			);
			runOnlyForDeploymentPostprocessing = 0;
			shellPath = /bin/sh;
			shellScript = "diff \"${PODS_PODFILE_DIR_PATH}/Podfile.lock\" \"${PODS_ROOT}/Manifest.lock\" > /dev/null\nif [ $? != 0 ] ; then\n    # print error to STDERR\n    echo \"error: The sandbox is not in sync with the Podfile.lock. Run 'pod install' or update your CocoaPods installation.\" >&2\n    exit 1\nfi\n# This output is used by Xcode 'outputs' to avoid re-running this script phase.\necho \"SUCCESS\" > \"${SCRIPT_OUTPUT_FILE_0}\"\n";
			showEnvVarsInLog = 0;
		};
		994916D909CCCFC0CC3879EF /* [CP] Embed Pods Frameworks */ = {
			isa = PBXShellScriptBuildPhase;
			buildActionMask = 2147483647;
			files = (
			);
			inputPaths = (
			);
			name = "[CP] Embed Pods Frameworks";
			outputPaths = (
			);
			runOnlyForDeploymentPostprocessing = 0;
			shellPath = /bin/sh;
			shellScript = "\"${SRCROOT}/Pods/Target Support Files/Pods-PollAppUITests/Pods-PollAppUITests-frameworks.sh\"\n";
			showEnvVarsInLog = 0;
		};
		9C0709ADABB184E99F2FF83B /* [CP] Check Pods Manifest.lock */ = {
			isa = PBXShellScriptBuildPhase;
			buildActionMask = 2147483647;
			files = (
			);
			inputPaths = (
				"${PODS_PODFILE_DIR_PATH}/Podfile.lock",
				"${PODS_ROOT}/Manifest.lock",
			);
			name = "[CP] Check Pods Manifest.lock";
			outputPaths = (
				"$(DERIVED_FILE_DIR)/Pods-PollApp-checkManifestLockResult.txt",
			);
			runOnlyForDeploymentPostprocessing = 0;
			shellPath = /bin/sh;
			shellScript = "diff \"${PODS_PODFILE_DIR_PATH}/Podfile.lock\" \"${PODS_ROOT}/Manifest.lock\" > /dev/null\nif [ $? != 0 ] ; then\n    # print error to STDERR\n    echo \"error: The sandbox is not in sync with the Podfile.lock. Run 'pod install' or update your CocoaPods installation.\" >&2\n    exit 1\nfi\n# This output is used by Xcode 'outputs' to avoid re-running this script phase.\necho \"SUCCESS\" > \"${SCRIPT_OUTPUT_FILE_0}\"\n";
			showEnvVarsInLog = 0;
		};
		A0D0484989DFACE5901F6E89 /* [CP] Copy Pods Resources */ = {
			isa = PBXShellScriptBuildPhase;
			buildActionMask = 2147483647;
			files = (
			);
			inputPaths = (
			);
			name = "[CP] Copy Pods Resources";
			outputPaths = (
			);
			runOnlyForDeploymentPostprocessing = 0;
			shellPath = /bin/sh;
			shellScript = "\"${SRCROOT}/Pods/Target Support Files/Pods-PollApp/Pods-PollApp-resources.sh\"\n";
			showEnvVarsInLog = 0;
		};
		BD511BEAD80EAB5858BF02F3 /* [CP] Copy Pods Resources */ = {
			isa = PBXShellScriptBuildPhase;
			buildActionMask = 2147483647;
			files = (
			);
			inputPaths = (
			);
			name = "[CP] Copy Pods Resources";
			outputPaths = (
			);
			runOnlyForDeploymentPostprocessing = 0;
			shellPath = /bin/sh;
			shellScript = "\"${SRCROOT}/Pods/Target Support Files/Pods-PollAppUITests/Pods-PollAppUITests-resources.sh\"\n";
			showEnvVarsInLog = 0;
		};
		D56004A0A4902D842CDD9125 /* [CP] Copy Pods Resources */ = {
			isa = PBXShellScriptBuildPhase;
			buildActionMask = 2147483647;
			files = (
			);
			inputPaths = (
			);
			name = "[CP] Copy Pods Resources";
			outputPaths = (
			);
			runOnlyForDeploymentPostprocessing = 0;
			shellPath = /bin/sh;
			shellScript = "\"${SRCROOT}/Pods/Target Support Files/Pods-PollAppTests/Pods-PollAppTests-resources.sh\"\n";
			showEnvVarsInLog = 0;
		};
		D67E4BCFBB8EDF250EE1E3D1 /* [CP] Check Pods Manifest.lock */ = {
			isa = PBXShellScriptBuildPhase;
			buildActionMask = 2147483647;
			files = (
			);
			inputPaths = (
				"${PODS_PODFILE_DIR_PATH}/Podfile.lock",
				"${PODS_ROOT}/Manifest.lock",
			);
			name = "[CP] Check Pods Manifest.lock";
			outputPaths = (
				"$(DERIVED_FILE_DIR)/Pods-PollAppUITests-checkManifestLockResult.txt",
			);
			runOnlyForDeploymentPostprocessing = 0;
			shellPath = /bin/sh;
			shellScript = "diff \"${PODS_PODFILE_DIR_PATH}/Podfile.lock\" \"${PODS_ROOT}/Manifest.lock\" > /dev/null\nif [ $? != 0 ] ; then\n    # print error to STDERR\n    echo \"error: The sandbox is not in sync with the Podfile.lock. Run 'pod install' or update your CocoaPods installation.\" >&2\n    exit 1\nfi\n# This output is used by Xcode 'outputs' to avoid re-running this script phase.\necho \"SUCCESS\" > \"${SCRIPT_OUTPUT_FILE_0}\"\n";
			showEnvVarsInLog = 0;
		};
		F919C08FCD4DCB724FFF9C94 /* [CP] Embed Pods Frameworks */ = {
			isa = PBXShellScriptBuildPhase;
			buildActionMask = 2147483647;
			files = (
			);
			inputPaths = (
				"${SRCROOT}/Pods/Target Support Files/Pods-PollApp/Pods-PollApp-frameworks.sh",
				"${BUILT_PRODUCTS_DIR}/Alamofire/Alamofire.framework",
				"${BUILT_PRODUCTS_DIR}/Bolts/Bolts.framework",
				"${BUILT_PRODUCTS_DIR}/Charts/Charts.framework",
				"${BUILT_PRODUCTS_DIR}/FBSDKCoreKit/FBSDKCoreKit.framework",
				"${BUILT_PRODUCTS_DIR}/FBSDKLoginKit/FBSDKLoginKit.framework",
				"${BUILT_PRODUCTS_DIR}/FBSDKShareKit/FBSDKShareKit.framework",
				"${BUILT_PRODUCTS_DIR}/FacebookCore/FacebookCore.framework",
				"${BUILT_PRODUCTS_DIR}/FacebookLogin/FacebookLogin.framework",
				"${BUILT_PRODUCTS_DIR}/FacebookShare/FacebookShare.framework",
				"${BUILT_PRODUCTS_DIR}/IQKeyboardManagerSwift/IQKeyboardManagerSwift.framework",
				"${BUILT_PRODUCTS_DIR}/SVProgressHUD/SVProgressHUD.framework",
				"${BUILT_PRODUCTS_DIR}/SwiftCharts/SwiftCharts.framework",
				"${BUILT_PRODUCTS_DIR}/SwiftyJSON/SwiftyJSON.framework",
				"${BUILT_PRODUCTS_DIR}/TextFieldEffects/TextFieldEffects.framework",
				"${BUILT_PRODUCTS_DIR}/Toast-Swift/Toast_Swift.framework",
			);
			name = "[CP] Embed Pods Frameworks";
			outputPaths = (
				"${TARGET_BUILD_DIR}/${FRAMEWORKS_FOLDER_PATH}/Alamofire.framework",
				"${TARGET_BUILD_DIR}/${FRAMEWORKS_FOLDER_PATH}/Bolts.framework",
				"${TARGET_BUILD_DIR}/${FRAMEWORKS_FOLDER_PATH}/Charts.framework",
				"${TARGET_BUILD_DIR}/${FRAMEWORKS_FOLDER_PATH}/FBSDKCoreKit.framework",
				"${TARGET_BUILD_DIR}/${FRAMEWORKS_FOLDER_PATH}/FBSDKLoginKit.framework",
				"${TARGET_BUILD_DIR}/${FRAMEWORKS_FOLDER_PATH}/FBSDKShareKit.framework",
				"${TARGET_BUILD_DIR}/${FRAMEWORKS_FOLDER_PATH}/FacebookCore.framework",
				"${TARGET_BUILD_DIR}/${FRAMEWORKS_FOLDER_PATH}/FacebookLogin.framework",
				"${TARGET_BUILD_DIR}/${FRAMEWORKS_FOLDER_PATH}/FacebookShare.framework",
				"${TARGET_BUILD_DIR}/${FRAMEWORKS_FOLDER_PATH}/IQKeyboardManagerSwift.framework",
				"${TARGET_BUILD_DIR}/${FRAMEWORKS_FOLDER_PATH}/SVProgressHUD.framework",
				"${TARGET_BUILD_DIR}/${FRAMEWORKS_FOLDER_PATH}/SwiftCharts.framework",
				"${TARGET_BUILD_DIR}/${FRAMEWORKS_FOLDER_PATH}/SwiftyJSON.framework",
				"${TARGET_BUILD_DIR}/${FRAMEWORKS_FOLDER_PATH}/TextFieldEffects.framework",
				"${TARGET_BUILD_DIR}/${FRAMEWORKS_FOLDER_PATH}/Toast_Swift.framework",
			);
			runOnlyForDeploymentPostprocessing = 0;
			shellPath = /bin/sh;
			shellScript = "\"${SRCROOT}/Pods/Target Support Files/Pods-PollApp/Pods-PollApp-frameworks.sh\"\n";
			showEnvVarsInLog = 0;
		};
/* End PBXShellScriptBuildPhase section */

/* Begin PBXSourcesBuildPhase section */
		3B1A256820A7FF6B00F054E0 /* Sources */ = {
			isa = PBXSourcesBuildPhase;
			buildActionMask = 2147483647;
			files = (
				3BF9482C20BAAA2800CECBCF /* ContactListRes.swift in Sources */,
				3B20FBEE20AC8ECD001E4636 /* UIExtentions.swift in Sources */,
				3BF9483020BAEB7D00CECBCF /* BarEntry.swift in Sources */,
				3B320A5A20A863CC00E68788 /* PASearch.swift in Sources */,
				1BB356DA20C53BCE00247806 /* SurvayOptionCell.swift in Sources */,
				3B01AB5020C6F7C400291522 /* GroupMember.swift in Sources */,
				3BD75AB120A80117007FDD57 /* PALogInVC.swift in Sources */,
				1B6DA2D420A9744000A67E8A /* QueSubmition.swift in Sources */,
				3BF9482B20BAAA2800CECBCF /* ContactList.swift in Sources */,
				3BD75AB820A81125007FDD57 /* PAOTPVC.swift in Sources */,
				3BF9482F20BAEB7D00CECBCF /* BasicBarChart.swift in Sources */,
				3B20FBF820ACBA46001E4636 /* BaseViewController.swift in Sources */,
				3BF9482820BAA43700CECBCF /* SelfSurvey.swift in Sources */,
				1BC81B9320B6D0FD00CF7EC7 /* YAxisValueFormatter.swift in Sources */,
				1B47B27820AC1363003223E1 /* ServiceClass.swift in Sources */,
				1B6DA2EF20A9928A00A67E8A /* HomeCell.swift in Sources */,
				1BC81B9E20B6DF3200CF7EC7 /* PASettingVC.swift in Sources */,
				3B81A6D620B734CF00844703 /* GroupCell.swift in Sources */,
				3B20FBF020AC902F001E4636 /* ECSHelper.swift in Sources */,
				1BC81B9A20B6DD0400CF7EC7 /* SettingsCell.swift in Sources */,
				3B1A257020A7FF6B00F054E0 /* AppDelegate.swift in Sources */,
				3B20FBF620ACB982001E4636 /* AppUserObject.m in Sources */,
				3BA138A320B4782200FC8D1A /* QuestionCellTableViewCell.swift in Sources */,
				3B81A6D220B725A000844703 /* PAContactList.swift in Sources */,
				3BA1389F20B3E9CB00FC8D1A /* QuestionselfSurvey.swift in Sources */,
				3BC73F7D20C1A2C0001771A1 /* PAEvent.swift in Sources */,
				3BA1389E20B3E9CB00FC8D1A /* Option.swift in Sources */,
				3BD75AAE20A800F6007FDD57 /* Constant.swift in Sources */,
				3BF9483320C0532C00CECBCF /* Corporate.swift in Sources */,
				3BFEA8AE20C5A55000A46955 /* PAGroupCreate.swift in Sources */,
				3B01AB4B20C6F4C200291522 /* ChatCell.swift in Sources */,
				3B320A5720A8638200E68788 /* PAChatVC.swift in Sources */,
				1BB356D220C5139E00247806 /* PACustomSurvay.swift in Sources */,
				3BF9482720BAA43700CECBCF /* Question.swift in Sources */,
				3B320A5320A8636000E68788 /* PAHomeVC.swift in Sources */,
				3BA1389220B34E3700FC8D1A /* ServiceHandler.swift in Sources */,
				3B01AB4F20C6F7C400291522 /* Profile.swift in Sources */,
				3BA138A020B3E9CB00FC8D1A /* HomeScreenData.swift in Sources */,
				3BD75ABC20A84B4C007FDD57 /* PAProfile.swift in Sources */,
			);
			runOnlyForDeploymentPostprocessing = 0;
		};
		3B1A257C20A7FF6B00F054E0 /* Sources */ = {
			isa = PBXSourcesBuildPhase;
			buildActionMask = 2147483647;
			files = (
				3B1A258520A7FF6B00F054E0 /* PollAppTests.swift in Sources */,
			);
			runOnlyForDeploymentPostprocessing = 0;
		};
		3B1A258720A7FF6B00F054E0 /* Sources */ = {
			isa = PBXSourcesBuildPhase;
			buildActionMask = 2147483647;
			files = (
				3B1A259020A7FF6B00F054E0 /* PollAppUITests.swift in Sources */,
			);
			runOnlyForDeploymentPostprocessing = 0;
		};
/* End PBXSourcesBuildPhase section */

/* Begin PBXTargetDependency section */
		3B1A258220A7FF6B00F054E0 /* PBXTargetDependency */ = {
			isa = PBXTargetDependency;
			target = 3B1A256B20A7FF6B00F054E0 /* PollApp */;
			targetProxy = 3B1A258120A7FF6B00F054E0 /* PBXContainerItemProxy */;
		};
		3B1A258D20A7FF6B00F054E0 /* PBXTargetDependency */ = {
			isa = PBXTargetDependency;
			target = 3B1A256B20A7FF6B00F054E0 /* PollApp */;
			targetProxy = 3B1A258C20A7FF6B00F054E0 /* PBXContainerItemProxy */;
		};
/* End PBXTargetDependency section */

/* Begin PBXVariantGroup section */
		3B1A257820A7FF6B00F054E0 /* LaunchScreen.storyboard */ = {
			isa = PBXVariantGroup;
			children = (
				3B1A257920A7FF6B00F054E0 /* Base */,
			);
			name = LaunchScreen.storyboard;
			sourceTree = "<group>";
		};
/* End PBXVariantGroup section */

/* Begin XCBuildConfiguration section */
		3B1A259220A7FF6B00F054E0 /* Debug */ = {
			isa = XCBuildConfiguration;
			buildSettings = {
				ALWAYS_SEARCH_USER_PATHS = NO;
				CLANG_ANALYZER_NONNULL = YES;
				CLANG_ANALYZER_NUMBER_OBJECT_CONVERSION = YES_AGGRESSIVE;
				CLANG_CXX_LANGUAGE_STANDARD = "gnu++14";
				CLANG_CXX_LIBRARY = "libc++";
				CLANG_ENABLE_MODULES = YES;
				CLANG_ENABLE_OBJC_ARC = YES;
				CLANG_WARN_BLOCK_CAPTURE_AUTORELEASING = YES;
				CLANG_WARN_BOOL_CONVERSION = YES;
				CLANG_WARN_COMMA = YES;
				CLANG_WARN_CONSTANT_CONVERSION = YES;
				CLANG_WARN_DIRECT_OBJC_ISA_USAGE = YES_ERROR;
				CLANG_WARN_DOCUMENTATION_COMMENTS = YES;
				CLANG_WARN_EMPTY_BODY = YES;
				CLANG_WARN_ENUM_CONVERSION = YES;
				CLANG_WARN_INFINITE_RECURSION = YES;
				CLANG_WARN_INT_CONVERSION = YES;
				CLANG_WARN_NON_LITERAL_NULL_CONVERSION = YES;
				CLANG_WARN_OBJC_LITERAL_CONVERSION = YES;
				CLANG_WARN_OBJC_ROOT_CLASS = YES_ERROR;
				CLANG_WARN_RANGE_LOOP_ANALYSIS = YES;
				CLANG_WARN_STRICT_PROTOTYPES = YES;
				CLANG_WARN_SUSPICIOUS_MOVE = YES;
				CLANG_WARN_UNGUARDED_AVAILABILITY = YES_AGGRESSIVE;
				CLANG_WARN_UNREACHABLE_CODE = YES;
				CLANG_WARN__DUPLICATE_METHOD_MATCH = YES;
				CODE_SIGN_IDENTITY = "iPhone Developer";
				COPY_PHASE_STRIP = NO;
				DEBUG_INFORMATION_FORMAT = dwarf;
				ENABLE_STRICT_OBJC_MSGSEND = YES;
				ENABLE_TESTABILITY = YES;
				GCC_C_LANGUAGE_STANDARD = gnu11;
				GCC_DYNAMIC_NO_PIC = NO;
				GCC_NO_COMMON_BLOCKS = YES;
				GCC_OPTIMIZATION_LEVEL = 0;
				GCC_PREPROCESSOR_DEFINITIONS = (
					"DEBUG=1",
					"$(inherited)",
				);
				GCC_WARN_64_TO_32_BIT_CONVERSION = YES;
				GCC_WARN_ABOUT_RETURN_TYPE = YES_ERROR;
				GCC_WARN_UNDECLARED_SELECTOR = YES;
				GCC_WARN_UNINITIALIZED_AUTOS = YES_AGGRESSIVE;
				GCC_WARN_UNUSED_FUNCTION = YES;
				GCC_WARN_UNUSED_VARIABLE = YES;
				IPHONEOS_DEPLOYMENT_TARGET = 11.2;
				MTL_ENABLE_DEBUG_INFO = YES;
				ONLY_ACTIVE_ARCH = YES;
				SDKROOT = iphoneos;
				SWIFT_ACTIVE_COMPILATION_CONDITIONS = DEBUG;
				SWIFT_OPTIMIZATION_LEVEL = "-Onone";
			};
			name = Debug;
		};
		3B1A259320A7FF6B00F054E0 /* Release */ = {
			isa = XCBuildConfiguration;
			buildSettings = {
				ALWAYS_SEARCH_USER_PATHS = NO;
				CLANG_ANALYZER_NONNULL = YES;
				CLANG_ANALYZER_NUMBER_OBJECT_CONVERSION = YES_AGGRESSIVE;
				CLANG_CXX_LANGUAGE_STANDARD = "gnu++14";
				CLANG_CXX_LIBRARY = "libc++";
				CLANG_ENABLE_MODULES = YES;
				CLANG_ENABLE_OBJC_ARC = YES;
				CLANG_WARN_BLOCK_CAPTURE_AUTORELEASING = YES;
				CLANG_WARN_BOOL_CONVERSION = YES;
				CLANG_WARN_COMMA = YES;
				CLANG_WARN_CONSTANT_CONVERSION = YES;
				CLANG_WARN_DIRECT_OBJC_ISA_USAGE = YES_ERROR;
				CLANG_WARN_DOCUMENTATION_COMMENTS = YES;
				CLANG_WARN_EMPTY_BODY = YES;
				CLANG_WARN_ENUM_CONVERSION = YES;
				CLANG_WARN_INFINITE_RECURSION = YES;
				CLANG_WARN_INT_CONVERSION = YES;
				CLANG_WARN_NON_LITERAL_NULL_CONVERSION = YES;
				CLANG_WARN_OBJC_LITERAL_CONVERSION = YES;
				CLANG_WARN_OBJC_ROOT_CLASS = YES_ERROR;
				CLANG_WARN_RANGE_LOOP_ANALYSIS = YES;
				CLANG_WARN_STRICT_PROTOTYPES = YES;
				CLANG_WARN_SUSPICIOUS_MOVE = YES;
				CLANG_WARN_UNGUARDED_AVAILABILITY = YES_AGGRESSIVE;
				CLANG_WARN_UNREACHABLE_CODE = YES;
				CLANG_WARN__DUPLICATE_METHOD_MATCH = YES;
				CODE_SIGN_IDENTITY = "iPhone Developer";
				COPY_PHASE_STRIP = NO;
				DEBUG_INFORMATION_FORMAT = "dwarf-with-dsym";
				ENABLE_NS_ASSERTIONS = NO;
				ENABLE_STRICT_OBJC_MSGSEND = YES;
				GCC_C_LANGUAGE_STANDARD = gnu11;
				GCC_NO_COMMON_BLOCKS = YES;
				GCC_WARN_64_TO_32_BIT_CONVERSION = YES;
				GCC_WARN_ABOUT_RETURN_TYPE = YES_ERROR;
				GCC_WARN_UNDECLARED_SELECTOR = YES;
				GCC_WARN_UNINITIALIZED_AUTOS = YES_AGGRESSIVE;
				GCC_WARN_UNUSED_FUNCTION = YES;
				GCC_WARN_UNUSED_VARIABLE = YES;
				IPHONEOS_DEPLOYMENT_TARGET = 11.2;
				MTL_ENABLE_DEBUG_INFO = NO;
				SDKROOT = iphoneos;
				SWIFT_OPTIMIZATION_LEVEL = "-Owholemodule";
				VALIDATE_PRODUCT = YES;
			};
			name = Release;
		};
		3B1A259520A7FF6B00F054E0 /* Debug */ = {
			isa = XCBuildConfiguration;
			baseConfigurationReference = 62451A328C0185658CB34567 /* Pods-PollApp.debug.xcconfig */;
			buildSettings = {
				ASSETCATALOG_COMPILER_APPICON_NAME = AppIcon;
				CLANG_ENABLE_MODULES = YES;
				CODE_SIGN_IDENTITY = "iPhone Developer";
				CODE_SIGN_STYLE = Automatic;
				DEVELOPMENT_TEAM = 577N9MGWW6;
				INFOPLIST_FILE = PollApp/Info.plist;
				IPHONEOS_DEPLOYMENT_TARGET = 11.0;
				LD_RUNPATH_SEARCH_PATHS = "$(inherited) @executable_path/Frameworks";
				PRODUCT_BUNDLE_IDENTIFIER = com.pollapp.initqube;
				PRODUCT_NAME = "$(TARGET_NAME)";
				PROVISIONING_PROFILE = "";
				PROVISIONING_PROFILE_SPECIFIER = "";
				SWIFT_OBJC_BRIDGING_HEADER = "PollApp/Helper/PollApp-Bridging-Header.h";
				SWIFT_OPTIMIZATION_LEVEL = "-Onone";
				SWIFT_VERSION = 4.0;
				TARGETED_DEVICE_FAMILY = "1,2";
			};
			name = Debug;
		};
		3B1A259620A7FF6B00F054E0 /* Release */ = {
			isa = XCBuildConfiguration;
			baseConfigurationReference = D4E7635BF7CEC1CCD9C92A28 /* Pods-PollApp.release.xcconfig */;
			buildSettings = {
				ASSETCATALOG_COMPILER_APPICON_NAME = AppIcon;
				CLANG_ENABLE_MODULES = YES;
				CODE_SIGN_IDENTITY = "iPhone Developer";
				CODE_SIGN_STYLE = Automatic;
				DEVELOPMENT_TEAM = 577N9MGWW6;
				INFOPLIST_FILE = PollApp/Info.plist;
				IPHONEOS_DEPLOYMENT_TARGET = 11.0;
				LD_RUNPATH_SEARCH_PATHS = "$(inherited) @executable_path/Frameworks";
				PRODUCT_BUNDLE_IDENTIFIER = com.pollapp.initqube;
				PRODUCT_NAME = "$(TARGET_NAME)";
				PROVISIONING_PROFILE = "";
				PROVISIONING_PROFILE_SPECIFIER = "";
				SWIFT_OBJC_BRIDGING_HEADER = "PollApp/Helper/PollApp-Bridging-Header.h";
				SWIFT_VERSION = 4.0;
				TARGETED_DEVICE_FAMILY = "1,2";
			};
			name = Release;
		};
		3B1A259820A7FF6B00F054E0 /* Debug */ = {
			isa = XCBuildConfiguration;
			baseConfigurationReference = E813000E194CD3D2D872B80F /* Pods-PollAppTests.debug.xcconfig */;
			buildSettings = {
				ALWAYS_EMBED_SWIFT_STANDARD_LIBRARIES = YES;
				BUNDLE_LOADER = "$(TEST_HOST)";
				CODE_SIGN_STYLE = Automatic;
				INFOPLIST_FILE = PollAppTests/Info.plist;
				LD_RUNPATH_SEARCH_PATHS = "$(inherited) @executable_path/Frameworks @loader_path/Frameworks";
				PRODUCT_BUNDLE_IDENTIFIER = com.lelojicreatives.PollAppTests;
				PRODUCT_NAME = "$(TARGET_NAME)";
				SWIFT_VERSION = 4.0;
				TARGETED_DEVICE_FAMILY = "1,2";
				TEST_HOST = "$(BUILT_PRODUCTS_DIR)/PollApp.app/PollApp";
			};
			name = Debug;
		};
		3B1A259920A7FF6B00F054E0 /* Release */ = {
			isa = XCBuildConfiguration;
			baseConfigurationReference = 1FF7CBFEC34B3CB3F177EA5D /* Pods-PollAppTests.release.xcconfig */;
			buildSettings = {
				ALWAYS_EMBED_SWIFT_STANDARD_LIBRARIES = YES;
				BUNDLE_LOADER = "$(TEST_HOST)";
				CODE_SIGN_STYLE = Automatic;
				INFOPLIST_FILE = PollAppTests/Info.plist;
				LD_RUNPATH_SEARCH_PATHS = "$(inherited) @executable_path/Frameworks @loader_path/Frameworks";
				PRODUCT_BUNDLE_IDENTIFIER = com.lelojicreatives.PollAppTests;
				PRODUCT_NAME = "$(TARGET_NAME)";
				SWIFT_VERSION = 4.0;
				TARGETED_DEVICE_FAMILY = "1,2";
				TEST_HOST = "$(BUILT_PRODUCTS_DIR)/PollApp.app/PollApp";
			};
			name = Release;
		};
		3B1A259B20A7FF6B00F054E0 /* Debug */ = {
			isa = XCBuildConfiguration;
			baseConfigurationReference = F587A97F671FB6362B16CD7A /* Pods-PollAppUITests.debug.xcconfig */;
			buildSettings = {
				ALWAYS_EMBED_SWIFT_STANDARD_LIBRARIES = YES;
				CODE_SIGN_STYLE = Automatic;
				INFOPLIST_FILE = PollAppUITests/Info.plist;
				LD_RUNPATH_SEARCH_PATHS = "$(inherited) @executable_path/Frameworks @loader_path/Frameworks";
				PRODUCT_BUNDLE_IDENTIFIER = com.lelojicreatives.PollAppUITests;
				PRODUCT_NAME = "$(TARGET_NAME)";
				SWIFT_VERSION = 4.0;
				TARGETED_DEVICE_FAMILY = "1,2";
				TEST_TARGET_NAME = PollApp;
			};
			name = Debug;
		};
		3B1A259C20A7FF6B00F054E0 /* Release */ = {
			isa = XCBuildConfiguration;
			baseConfigurationReference = CBED5823040A583321327594 /* Pods-PollAppUITests.release.xcconfig */;
			buildSettings = {
				ALWAYS_EMBED_SWIFT_STANDARD_LIBRARIES = YES;
				CODE_SIGN_STYLE = Automatic;
				INFOPLIST_FILE = PollAppUITests/Info.plist;
				LD_RUNPATH_SEARCH_PATHS = "$(inherited) @executable_path/Frameworks @loader_path/Frameworks";
				PRODUCT_BUNDLE_IDENTIFIER = com.lelojicreatives.PollAppUITests;
				PRODUCT_NAME = "$(TARGET_NAME)";
				SWIFT_VERSION = 4.0;
				TARGETED_DEVICE_FAMILY = "1,2";
				TEST_TARGET_NAME = PollApp;
			};
			name = Release;
		};
/* End XCBuildConfiguration section */

/* Begin XCConfigurationList section */
		3B1A256720A7FF6B00F054E0 /* Build configuration list for PBXProject "PollApp" */ = {
			isa = XCConfigurationList;
			buildConfigurations = (
				3B1A259220A7FF6B00F054E0 /* Debug */,
				3B1A259320A7FF6B00F054E0 /* Release */,
			);
			defaultConfigurationIsVisible = 0;
			defaultConfigurationName = Release;
		};
		3B1A259420A7FF6B00F054E0 /* Build configuration list for PBXNativeTarget "PollApp" */ = {
			isa = XCConfigurationList;
			buildConfigurations = (
				3B1A259520A7FF6B00F054E0 /* Debug */,
				3B1A259620A7FF6B00F054E0 /* Release */,
			);
			defaultConfigurationIsVisible = 0;
			defaultConfigurationName = Release;
		};
		3B1A259720A7FF6B00F054E0 /* Build configuration list for PBXNativeTarget "PollAppTests" */ = {
			isa = XCConfigurationList;
			buildConfigurations = (
				3B1A259820A7FF6B00F054E0 /* Debug */,
				3B1A259920A7FF6B00F054E0 /* Release */,
			);
			defaultConfigurationIsVisible = 0;
			defaultConfigurationName = Release;
		};
		3B1A259A20A7FF6B00F054E0 /* Build configuration list for PBXNativeTarget "PollAppUITests" */ = {
			isa = XCConfigurationList;
			buildConfigurations = (
				3B1A259B20A7FF6B00F054E0 /* Debug */,
				3B1A259C20A7FF6B00F054E0 /* Release */,
			);
			defaultConfigurationIsVisible = 0;
			defaultConfigurationName = Release;
		};
/* End XCConfigurationList section */
	};
	rootObject = 3B1A256420A7FF6B00F054E0 /* Project object */;
}
